
Microsoft Visual Studio Solution File, Format Version 12.00
# Visual Studio 2013
VisualStudioVersion = 12.0.20617.1 PREVIEW
MinimumVisualStudioVersion = 10.0.40219.1
Project("{FAE04EC0-301F-11D3-BF4B-00C04F79EFBC}") = "01.Zerg", "01.Zerg\01.Zerg.csproj", "{3D90F99E-D9D9-4924-98AD-AD53B22139D9}"
EndProject
Project("{FAE04EC0-301F-11D3-BF4B-00C04F79EFBC}") = "02.MovingLetters", "02.MovingLetters\02.MovingLetters.csproj", "{013637F2-D441-4797-AA12-C929C8931BAA}"
EndProject
Project("{FAE04EC0-301F-11D3-BF4B-00C04F79EFBC}") = "04.EncodeAndEncrypt", "04.EncodeAndEncrypt\04.EncodeAndEncrypt.csproj", "{3F354F5F-49D1-4514-9ECE-94AF28CFDB29}"
EndProject
Global
	GlobalSection(SolutionConfigurationPlatforms) = preSolution
		Debug|Any CPU = Debug|Any CPU
		Release|Any CPU = Release|Any CPU
	EndGlobalSection
	GlobalSection(ProjectConfigurationPlatforms) = postSolution
		{3D90F99E-D9D9-4924-98AD-AD53B22139D9}.Debug|Any CPU.ActiveCfg = Debug|Any CPU
		{3D90F99E-D9D9-4924-98AD-AD53B22139D9}.Debug|Any CPU.Build.0 = Debug|Any CPU
		{3D90F99E-D9D9-4924-98AD-AD53B22139D9}.Release|Any CPU.ActiveCfg = Release|Any CPU
		{3D90F99E-D9D9-4924-98AD-AD53B22139D9}.Release|Any CPU.Build.0 = Release|Any CPU
		{013637F2-D441-4797-AA12-C929C8931BAA}.Debug|Any CPU.ActiveCfg = Debug|Any CPU
		{013637F2-D441-4797-AA12-C929C8931BAA}.Debug|Any CPU.Build.0 = Debug|Any CPU
		{013637F2-D441-4797-AA12-C929C8931BAA}.Release|Any CPU.ActiveCfg = Release|Any CPU
		{013637F2-D441-4797-AA12-C929C8931BAA}.Release|Any CPU.Build.0 = Release|Any CPU
		{3F354F5F-49D1-4514-9ECE-94AF28CFDB29}.Debug|Any CPU.ActiveCfg = Debug|Any CPU
		{3F354F5F-49D1-4514-9ECE-94AF28CFDB29}.Debug|Any CPU.Build.0 = Debug|Any CPU
		{3F354F5F-49D1-4514-9ECE-94AF28CFDB29}.Release|Any CPU.ActiveCfg = Release|Any CPU
		{3F354F5F-49D1-4514-9ECE-94AF28CFDB29}.Release|Any CPU.Build.0 = Release|Any CPU
	EndGlobalSection
	GlobalSection(SolutionProperties) = preSolution
		HideSolutionNode = FALSE
	EndGlobalSection
EndGlobal
