
Microsoft Visual Studio Solution File, Format Version 12.00
# Visual Studio 2012
Project("{FAE04EC0-301F-11D3-BF4B-00C04F79EFBC}") = "1. ReadIntegersPrintSum", "1. ReadIntegersPrintSum\1. ReadIntegersPrintSum.csproj", "{AA163399-4292-4451-9EE2-3B98C941FB93}"
EndProject
Project("{FAE04EC0-301F-11D3-BF4B-00C04F79EFBC}") = "2. CalculateCirclesAreaAndPerimeter", "2. CalculateCirclesAreaAndPerimeter\2. CalculateCirclesAreaAndPerimeter.csproj", "{5C5D838F-C60C-48A1-807D-B52D3462D1A6}"
EndProject
Project("{FAE04EC0-301F-11D3-BF4B-00C04F79EFBC}") = "3. EnterCompanyInformation", "3. EnterCompanyInformation\3. EnterCompanyInformation.csproj", "{7F02A1C6-0035-4331-A450-F100674F51AD}"
EndProject
Project("{FAE04EC0-301F-11D3-BF4B-00C04F79EFBC}") = "4. CountDivisionsWithoutReminder", "4. CountDivisionsWithoutReminder\4. CountDivisionsWithoutReminder.csproj", "{84D2E5AD-ECC7-4DA3-BFB8-3A9F48A4B725}"
EndProject
Project("{FAE04EC0-301F-11D3-BF4B-00C04F79EFBC}") = "5. PrintTheBiggerInteger", "5. PrintTheBiggerInteger\5. PrintTheBiggerInteger.csproj", "{13382086-D413-4257-B3FF-9C063552D2E2}"
EndProject
Project("{FAE04EC0-301F-11D3-BF4B-00C04F79EFBC}") = "6. SolveQuadraticEquasion", "6. SolveQuadraticEquasion\6. SolveQuadraticEquasion.csproj", "{9F185899-93C1-43B1-B416-79A4FAC1CFA1}"
EndProject
Project("{FAE04EC0-301F-11D3-BF4B-00C04F79EFBC}") = "7. EnterNumbersCalcSum", "7. EnterNumbersCalcSum\7. EnterNumbersCalcSum.csproj", "{D57433F1-D4C3-4735-9B81-AEC94AB2697B}"
EndProject
Project("{FAE04EC0-301F-11D3-BF4B-00C04F79EFBC}") = "8. PrintNumbers", "8. PrintNumbers\8. PrintNumbers.csproj", "{59996D29-D6DC-427D-9D9D-E42332F02B85}"
EndProject
Project("{FAE04EC0-301F-11D3-BF4B-00C04F79EFBC}") = "9. PrintFibonacci", "9. PrintFibonacci\9. PrintFibonacci.csproj", "{D4464321-9ED6-47F5-9C94-7801D4152926}"
EndProject
Project("{FAE04EC0-301F-11D3-BF4B-00C04F79EFBC}") = "10. CalcSumWithAccuracy", "10. CalcSumWithAccuracy\10. CalcSumWithAccuracy.csproj", "{ADCF3D1E-F217-4027-8605-74797C8AAC2D}"
EndProject
Global
	GlobalSection(SolutionConfigurationPlatforms) = preSolution
		Debug|Any CPU = Debug|Any CPU
		Release|Any CPU = Release|Any CPU
	EndGlobalSection
	GlobalSection(ProjectConfigurationPlatforms) = postSolution
		{AA163399-4292-4451-9EE2-3B98C941FB93}.Debug|Any CPU.ActiveCfg = Debug|Any CPU
		{AA163399-4292-4451-9EE2-3B98C941FB93}.Debug|Any CPU.Build.0 = Debug|Any CPU
		{AA163399-4292-4451-9EE2-3B98C941FB93}.Release|Any CPU.ActiveCfg = Release|Any CPU
		{AA163399-4292-4451-9EE2-3B98C941FB93}.Release|Any CPU.Build.0 = Release|Any CPU
		{5C5D838F-C60C-48A1-807D-B52D3462D1A6}.Debug|Any CPU.ActiveCfg = Debug|Any CPU
		{5C5D838F-C60C-48A1-807D-B52D3462D1A6}.Debug|Any CPU.Build.0 = Debug|Any CPU
		{5C5D838F-C60C-48A1-807D-B52D3462D1A6}.Release|Any CPU.ActiveCfg = Release|Any CPU
		{5C5D838F-C60C-48A1-807D-B52D3462D1A6}.Release|Any CPU.Build.0 = Release|Any CPU
		{7F02A1C6-0035-4331-A450-F100674F51AD}.Debug|Any CPU.ActiveCfg = Debug|Any CPU
		{7F02A1C6-0035-4331-A450-F100674F51AD}.Debug|Any CPU.Build.0 = Debug|Any CPU
		{7F02A1C6-0035-4331-A450-F100674F51AD}.Release|Any CPU.ActiveCfg = Release|Any CPU
		{7F02A1C6-0035-4331-A450-F100674F51AD}.Release|Any CPU.Build.0 = Release|Any CPU
		{84D2E5AD-ECC7-4DA3-BFB8-3A9F48A4B725}.Debug|Any CPU.ActiveCfg = Debug|Any CPU
		{84D2E5AD-ECC7-4DA3-BFB8-3A9F48A4B725}.Debug|Any CPU.Build.0 = Debug|Any CPU
		{84D2E5AD-ECC7-4DA3-BFB8-3A9F48A4B725}.Release|Any CPU.ActiveCfg = Release|Any CPU
		{84D2E5AD-ECC7-4DA3-BFB8-3A9F48A4B725}.Release|Any CPU.Build.0 = Release|Any CPU
		{13382086-D413-4257-B3FF-9C063552D2E2}.Debug|Any CPU.ActiveCfg = Debug|Any CPU
		{13382086-D413-4257-B3FF-9C063552D2E2}.Debug|Any CPU.Build.0 = Debug|Any CPU
		{13382086-D413-4257-B3FF-9C063552D2E2}.Release|Any CPU.ActiveCfg = Release|Any CPU
		{13382086-D413-4257-B3FF-9C063552D2E2}.Release|Any CPU.Build.0 = Release|Any CPU
		{9F185899-93C1-43B1-B416-79A4FAC1CFA1}.Debug|Any CPU.ActiveCfg = Debug|Any CPU
		{9F185899-93C1-43B1-B416-79A4FAC1CFA1}.Debug|Any CPU.Build.0 = Debug|Any CPU
		{9F185899-93C1-43B1-B416-79A4FAC1CFA1}.Release|Any CPU.ActiveCfg = Release|Any CPU
		{9F185899-93C1-43B1-B416-79A4FAC1CFA1}.Release|Any CPU.Build.0 = Release|Any CPU
		{D57433F1-D4C3-4735-9B81-AEC94AB2697B}.Debug|Any CPU.ActiveCfg = Debug|Any CPU
		{D57433F1-D4C3-4735-9B81-AEC94AB2697B}.Debug|Any CPU.Build.0 = Debug|Any CPU
		{D57433F1-D4C3-4735-9B81-AEC94AB2697B}.Release|Any CPU.ActiveCfg = Release|Any CPU
		{D57433F1-D4C3-4735-9B81-AEC94AB2697B}.Release|Any CPU.Build.0 = Release|Any CPU
		{59996D29-D6DC-427D-9D9D-E42332F02B85}.Debug|Any CPU.ActiveCfg = Debug|Any CPU
		{59996D29-D6DC-427D-9D9D-E42332F02B85}.Debug|Any CPU.Build.0 = Debug|Any CPU
		{59996D29-D6DC-427D-9D9D-E42332F02B85}.Release|Any CPU.ActiveCfg = Release|Any CPU
		{59996D29-D6DC-427D-9D9D-E42332F02B85}.Release|Any CPU.Build.0 = Release|Any CPU
		{D4464321-9ED6-47F5-9C94-7801D4152926}.Debug|Any CPU.ActiveCfg = Debug|Any CPU
		{D4464321-9ED6-47F5-9C94-7801D4152926}.Debug|Any CPU.Build.0 = Debug|Any CPU
		{D4464321-9ED6-47F5-9C94-7801D4152926}.Release|Any CPU.ActiveCfg = Release|Any CPU
		{D4464321-9ED6-47F5-9C94-7801D4152926}.Release|Any CPU.Build.0 = Release|Any CPU
		{ADCF3D1E-F217-4027-8605-74797C8AAC2D}.Debug|Any CPU.ActiveCfg = Debug|Any CPU
		{ADCF3D1E-F217-4027-8605-74797C8AAC2D}.Debug|Any CPU.Build.0 = Debug|Any CPU
		{ADCF3D1E-F217-4027-8605-74797C8AAC2D}.Release|Any CPU.ActiveCfg = Release|Any CPU
		{ADCF3D1E-F217-4027-8605-74797C8AAC2D}.Release|Any CPU.Build.0 = Release|Any CPU
	EndGlobalSection
	GlobalSection(SolutionProperties) = preSolution
		HideSolutionNode = FALSE
	EndGlobalSection
EndGlobal
