
Microsoft Visual Studio Solution File, Format Version 12.00
# Visual Studio 2012
Project("{FAE04EC0-301F-11D3-BF4B-00C04F79EFBC}") = "1. CheckOddEven", "1. CheckOddEven\1. CheckOddEven.csproj", "{908AA7FC-7583-41A5-8543-E575D9527B9A}"
EndProject
Project("{FAE04EC0-301F-11D3-BF4B-00C04F79EFBC}") = "2. CheckIfDevisibleBy5And7", "2. CheckIfDevisibleBy5And7\2. CheckIfDevisibleBy5And7.csproj", "{C702B1C1-6E7C-4D0D-8672-26CE3CF3CE9C}"
EndProject
Project("{FAE04EC0-301F-11D3-BF4B-00C04F79EFBC}") = "3. CalculateRectangleArea", "3. CalculateRectangleArea\3. CalculateRectangleArea.csproj", "{D2569643-422F-41CF-AC62-D0AF8A7827A1}"
EndProject
Project("{FAE04EC0-301F-11D3-BF4B-00C04F79EFBC}") = "4. CheckIfThirdDigitIs7", "4. CheckIfThirdDigitIs7\4. CheckIfThirdDigitIs7.csproj", "{DBB23F4C-D724-4BB4-8F9C-F7E244C5FCE3}"
EndProject
Project("{FAE04EC0-301F-11D3-BF4B-00C04F79EFBC}") = "5. CheckTheThirdBit", "5. CheckTheThirdBit\5. CheckTheThirdBit.csproj", "{DAA96C87-94D8-40FA-B443-F9AF8265AB89}"
EndProject
Project("{FAE04EC0-301F-11D3-BF4B-00C04F79EFBC}") = "6. CheckIfPointIsInCircle", "6. CheckIfPointIsInCircle\6. CheckIfPointIsInCircle.csproj", "{C71F4C99-3B69-4FF0-A522-D9C8B4134A47}"
EndProject
Project("{FAE04EC0-301F-11D3-BF4B-00C04F79EFBC}") = "7. CheckIfPrime", "7. CheckIfPrime\7. CheckIfPrime.csproj", "{EA12D84A-BE37-4F19-842C-5F651A3DECF9}"
EndProject
Project("{FAE04EC0-301F-11D3-BF4B-00C04F79EFBC}") = "8. CalculateTrapezoidArea", "8. CalculateTrapezoidArea\8. CalculateTrapezoidArea.csproj", "{8F57882C-AFA0-4F96-8C5C-9AB59217CF8F}"
EndProject
Project("{FAE04EC0-301F-11D3-BF4B-00C04F79EFBC}") = "9. CheckIfPointIsInCircleOutRectangle", "9. CheckIfPointIsInCircleOutRectangle\9. CheckIfPointIsInCircleOutRectangle.csproj", "{61988FE7-385D-42B6-8EF4-5EDE42830339}"
EndProject
Project("{FAE04EC0-301F-11D3-BF4B-00C04F79EFBC}") = "10. CheckSelectedBitInInteger", "10. CheckSelectedBitInInteger\10. CheckSelectedBitInInteger.csproj", "{585639BE-E4A0-4E90-B429-125E5BDAC878}"
EndProject
Project("{FAE04EC0-301F-11D3-BF4B-00C04F79EFBC}") = "11. CheckSelectedBitValueInInteger", "11. CheckSelectedBitValueInInteger\11. CheckSelectedBitValueInInteger.csproj", "{82FFCAEA-6F40-410C-8DF7-EA452DD63E29}"
EndProject
Project("{FAE04EC0-301F-11D3-BF4B-00C04F79EFBC}") = "12. ChangeSelectedBitInInteger", "12. ChangeSelectedBitInInteger\12. ChangeSelectedBitInInteger.csproj", "{64FB1212-125C-46F7-90D2-52A893B276F4}"
EndProject
Project("{FAE04EC0-301F-11D3-BF4B-00C04F79EFBC}") = "13. SwitchBits", "13. SwitchBits\13. SwitchBits.csproj", "{482C9696-8BAD-4622-8B80-E092FFD7705A}"
EndProject
Project("{FAE04EC0-301F-11D3-BF4B-00C04F79EFBC}") = "14. SwitchSpecifiedNumberOfBits", "14. SwitchSpecifiedNumberOfBits\14. SwitchSpecifiedNumberOfBits.csproj", "{24368C63-8A14-4734-9CDF-815C742555AE}"
EndProject
Global
	GlobalSection(SolutionConfigurationPlatforms) = preSolution
		Debug|Any CPU = Debug|Any CPU
		Release|Any CPU = Release|Any CPU
	EndGlobalSection
	GlobalSection(ProjectConfigurationPlatforms) = postSolution
		{908AA7FC-7583-41A5-8543-E575D9527B9A}.Debug|Any CPU.ActiveCfg = Debug|Any CPU
		{908AA7FC-7583-41A5-8543-E575D9527B9A}.Debug|Any CPU.Build.0 = Debug|Any CPU
		{908AA7FC-7583-41A5-8543-E575D9527B9A}.Release|Any CPU.ActiveCfg = Release|Any CPU
		{908AA7FC-7583-41A5-8543-E575D9527B9A}.Release|Any CPU.Build.0 = Release|Any CPU
		{C702B1C1-6E7C-4D0D-8672-26CE3CF3CE9C}.Debug|Any CPU.ActiveCfg = Debug|Any CPU
		{C702B1C1-6E7C-4D0D-8672-26CE3CF3CE9C}.Debug|Any CPU.Build.0 = Debug|Any CPU
		{C702B1C1-6E7C-4D0D-8672-26CE3CF3CE9C}.Release|Any CPU.ActiveCfg = Release|Any CPU
		{C702B1C1-6E7C-4D0D-8672-26CE3CF3CE9C}.Release|Any CPU.Build.0 = Release|Any CPU
		{D2569643-422F-41CF-AC62-D0AF8A7827A1}.Debug|Any CPU.ActiveCfg = Debug|Any CPU
		{D2569643-422F-41CF-AC62-D0AF8A7827A1}.Debug|Any CPU.Build.0 = Debug|Any CPU
		{D2569643-422F-41CF-AC62-D0AF8A7827A1}.Release|Any CPU.ActiveCfg = Release|Any CPU
		{D2569643-422F-41CF-AC62-D0AF8A7827A1}.Release|Any CPU.Build.0 = Release|Any CPU
		{DBB23F4C-D724-4BB4-8F9C-F7E244C5FCE3}.Debug|Any CPU.ActiveCfg = Debug|Any CPU
		{DBB23F4C-D724-4BB4-8F9C-F7E244C5FCE3}.Debug|Any CPU.Build.0 = Debug|Any CPU
		{DBB23F4C-D724-4BB4-8F9C-F7E244C5FCE3}.Release|Any CPU.ActiveCfg = Release|Any CPU
		{DBB23F4C-D724-4BB4-8F9C-F7E244C5FCE3}.Release|Any CPU.Build.0 = Release|Any CPU
		{DAA96C87-94D8-40FA-B443-F9AF8265AB89}.Debug|Any CPU.ActiveCfg = Debug|Any CPU
		{DAA96C87-94D8-40FA-B443-F9AF8265AB89}.Debug|Any CPU.Build.0 = Debug|Any CPU
		{DAA96C87-94D8-40FA-B443-F9AF8265AB89}.Release|Any CPU.ActiveCfg = Release|Any CPU
		{DAA96C87-94D8-40FA-B443-F9AF8265AB89}.Release|Any CPU.Build.0 = Release|Any CPU
		{C71F4C99-3B69-4FF0-A522-D9C8B4134A47}.Debug|Any CPU.ActiveCfg = Debug|Any CPU
		{C71F4C99-3B69-4FF0-A522-D9C8B4134A47}.Debug|Any CPU.Build.0 = Debug|Any CPU
		{C71F4C99-3B69-4FF0-A522-D9C8B4134A47}.Release|Any CPU.ActiveCfg = Release|Any CPU
		{C71F4C99-3B69-4FF0-A522-D9C8B4134A47}.Release|Any CPU.Build.0 = Release|Any CPU
		{EA12D84A-BE37-4F19-842C-5F651A3DECF9}.Debug|Any CPU.ActiveCfg = Debug|Any CPU
		{EA12D84A-BE37-4F19-842C-5F651A3DECF9}.Debug|Any CPU.Build.0 = Debug|Any CPU
		{EA12D84A-BE37-4F19-842C-5F651A3DECF9}.Release|Any CPU.ActiveCfg = Release|Any CPU
		{EA12D84A-BE37-4F19-842C-5F651A3DECF9}.Release|Any CPU.Build.0 = Release|Any CPU
		{8F57882C-AFA0-4F96-8C5C-9AB59217CF8F}.Debug|Any CPU.ActiveCfg = Debug|Any CPU
		{8F57882C-AFA0-4F96-8C5C-9AB59217CF8F}.Debug|Any CPU.Build.0 = Debug|Any CPU
		{8F57882C-AFA0-4F96-8C5C-9AB59217CF8F}.Release|Any CPU.ActiveCfg = Release|Any CPU
		{8F57882C-AFA0-4F96-8C5C-9AB59217CF8F}.Release|Any CPU.Build.0 = Release|Any CPU
		{61988FE7-385D-42B6-8EF4-5EDE42830339}.Debug|Any CPU.ActiveCfg = Debug|Any CPU
		{61988FE7-385D-42B6-8EF4-5EDE42830339}.Debug|Any CPU.Build.0 = Debug|Any CPU
		{61988FE7-385D-42B6-8EF4-5EDE42830339}.Release|Any CPU.ActiveCfg = Release|Any CPU
		{61988FE7-385D-42B6-8EF4-5EDE42830339}.Release|Any CPU.Build.0 = Release|Any CPU
		{585639BE-E4A0-4E90-B429-125E5BDAC878}.Debug|Any CPU.ActiveCfg = Debug|Any CPU
		{585639BE-E4A0-4E90-B429-125E5BDAC878}.Debug|Any CPU.Build.0 = Debug|Any CPU
		{585639BE-E4A0-4E90-B429-125E5BDAC878}.Release|Any CPU.ActiveCfg = Release|Any CPU
		{585639BE-E4A0-4E90-B429-125E5BDAC878}.Release|Any CPU.Build.0 = Release|Any CPU
		{82FFCAEA-6F40-410C-8DF7-EA452DD63E29}.Debug|Any CPU.ActiveCfg = Debug|Any CPU
		{82FFCAEA-6F40-410C-8DF7-EA452DD63E29}.Debug|Any CPU.Build.0 = Debug|Any CPU
		{82FFCAEA-6F40-410C-8DF7-EA452DD63E29}.Release|Any CPU.ActiveCfg = Release|Any CPU
		{82FFCAEA-6F40-410C-8DF7-EA452DD63E29}.Release|Any CPU.Build.0 = Release|Any CPU
		{64FB1212-125C-46F7-90D2-52A893B276F4}.Debug|Any CPU.ActiveCfg = Debug|Any CPU
		{64FB1212-125C-46F7-90D2-52A893B276F4}.Debug|Any CPU.Build.0 = Debug|Any CPU
		{64FB1212-125C-46F7-90D2-52A893B276F4}.Release|Any CPU.ActiveCfg = Release|Any CPU
		{64FB1212-125C-46F7-90D2-52A893B276F4}.Release|Any CPU.Build.0 = Release|Any CPU
		{482C9696-8BAD-4622-8B80-E092FFD7705A}.Debug|Any CPU.ActiveCfg = Debug|Any CPU
		{482C9696-8BAD-4622-8B80-E092FFD7705A}.Debug|Any CPU.Build.0 = Debug|Any CPU
		{482C9696-8BAD-4622-8B80-E092FFD7705A}.Release|Any CPU.ActiveCfg = Release|Any CPU
		{482C9696-8BAD-4622-8B80-E092FFD7705A}.Release|Any CPU.Build.0 = Release|Any CPU
		{24368C63-8A14-4734-9CDF-815C742555AE}.Debug|Any CPU.ActiveCfg = Debug|Any CPU
		{24368C63-8A14-4734-9CDF-815C742555AE}.Debug|Any CPU.Build.0 = Debug|Any CPU
		{24368C63-8A14-4734-9CDF-815C742555AE}.Release|Any CPU.ActiveCfg = Release|Any CPU
		{24368C63-8A14-4734-9CDF-815C742555AE}.Release|Any CPU.Build.0 = Release|Any CPU
	EndGlobalSection
	GlobalSection(SolutionProperties) = preSolution
		HideSolutionNode = FALSE
	EndGlobalSection
EndGlobal
