
Microsoft Visual Studio Solution File, Format Version 12.00
# Visual Studio 2013
VisualStudioVersion = 12.0.20617.1 PREVIEW
MinimumVisualStudioVersion = 10.0.40219.1
Project("{FAE04EC0-301F-11D3-BF4B-00C04F79EFBC}") = "01. AllocateArray", "01. AllocateArray\01. AllocateArray.csproj", "{26C18397-D289-499B-BE97-161E0E720F59}"
EndProject
Project("{FAE04EC0-301F-11D3-BF4B-00C04F79EFBC}") = "02. ReadAndCompareTwoArrays", "02. ReadAndCompareTwoArrays\02. ReadAndCompareTwoArrays.csproj", "{F70707E4-2167-4849-AE7F-5D4833CE8146}"
EndProject
Project("{FAE04EC0-301F-11D3-BF4B-00C04F79EFBC}") = "03. CompareArraysLexicografically", "03. CompareArraysLexicografically\03. CompareArraysLexicografically.csproj", "{7C91558B-EF32-4F78-8A52-BC07306FE6F2}"
EndProject
Project("{FAE04EC0-301F-11D3-BF4B-00C04F79EFBC}") = "04. FindMaxSequenceLenght", "04. FindMaxSequenceLenght\04. FindMaxSequenceLenght.csproj", "{A7D39D69-2F2D-424D-B62A-0AAA80CC15F5}"
EndProject
Project("{FAE04EC0-301F-11D3-BF4B-00C04F79EFBC}") = "05. FindMaxIncreasingSequence", "05. FindMaxIncreasingSequence\05. FindMaxIncreasingSequence.csproj", "{E3842445-0109-4AB1-B196-E58585808CB5}"
EndProject
Project("{FAE04EC0-301F-11D3-BF4B-00C04F79EFBC}") = "06. FindMaxSubSumInArray", "06. FindMaxSumInArray\06. FindMaxSubSumInArray.csproj", "{68E74988-AF88-46A0-9F9D-908CA3922C6E}"
EndProject
Project("{FAE04EC0-301F-11D3-BF4B-00C04F79EFBC}") = "07. SelectionSortAlgorithm", "07. SelectionSortAlgorithm\07. SelectionSortAlgorithm.csproj", "{DD7CC4C9-CBC5-4586-BED6-D29705C49584}"
EndProject
Project("{FAE04EC0-301F-11D3-BF4B-00C04F79EFBC}") = "08. FindMaxSumInArray", "08. FindMaxSumInArray\08. FindMaxSumInArray.csproj", "{F9E375DF-9583-4573-8920-8437FAAA690D}"
EndProject
Project("{FAE04EC0-301F-11D3-BF4B-00C04F79EFBC}") = "09. FindMostFrequentNum", "09. FindMostFrequentNum\09. FindMostFrequentNum.csproj", "{7F965128-BBE2-4EE4-9B7B-4C2E513BA60E}"
EndProject
Project("{FAE04EC0-301F-11D3-BF4B-00C04F79EFBC}") = "10. FIndGivenSumInArray", "10. FIndGivenSumInArray\10. FIndGivenSumInArray.csproj", "{AB9E271E-0F87-495E-AB61-DDA94F27F6A3}"
EndProject
Project("{FAE04EC0-301F-11D3-BF4B-00C04F79EFBC}") = "11. BinarySearchAlgorithm", "11. BinarySearchAlgorithm\11. BinarySearchAlgorithm.csproj", "{76D429C7-73B3-416D-AAD2-7523176D2956}"
EndProject
Project("{FAE04EC0-301F-11D3-BF4B-00C04F79EFBC}") = "12. CreateAlphabetArray", "12. CreateAlphabetArray\12. CreateAlphabetArray.csproj", "{8781ECCA-D2CA-4AA8-AA33-5328F306A19C}"
EndProject
Project("{FAE04EC0-301F-11D3-BF4B-00C04F79EFBC}") = "13. MergeSortAlgorithm", "13. MergeSortAlgorithm\13. MergeSortAlgorithm.csproj", "{519BB0E6-F5B4-4A95-87A2-CD8516371B96}"
EndProject
Project("{FAE04EC0-301F-11D3-BF4B-00C04F79EFBC}") = "14. QuickSortAlgorithm", "14. QuickSortAlgorithm\14. QuickSortAlgorithm.csproj", "{6B071418-B442-472A-9FC2-9AB49B4855D2}"
EndProject
Project("{FAE04EC0-301F-11D3-BF4B-00C04F79EFBC}") = "15. FindPrimeNumbers", "15. FindPrimeNumbers\15. FindPrimeNumbers.csproj", "{059A69A8-EEB3-432F-BBC8-6D2D369870CA}"
EndProject
Project("{FAE04EC0-301F-11D3-BF4B-00C04F79EFBC}") = "16. FindSubsetSum", "16. FindSubsetSum\16. FindSubsetSum.csproj", "{C330F1D3-34D9-4679-8B59-5B5E6E3BB297}"
EndProject
Project("{FAE04EC0-301F-11D3-BF4B-00C04F79EFBC}") = "17. FindSubsetInGivenArray", "17. FindSubsetInGivenArray\17. FindSubsetInGivenArray.csproj", "{16D95983-1678-43B1-A344-3D92165CA972}"
EndProject
Project("{FAE04EC0-301F-11D3-BF4B-00C04F79EFBC}") = "18. PrintSortedSubarray", "18. PrintSortedSubarray\18. PrintSortedSubarray.csproj", "{E1A03FE6-8DEA-46C5-8609-CD38DD82CF1C}"
EndProject
Project("{FAE04EC0-301F-11D3-BF4B-00C04F79EFBC}") = "19. GeneretaPermutations", "19. GeneretaPermutations\19. GeneretaPermutations.csproj", "{0E854EBD-A7CD-4DD8-8BD9-72D6DE1BD5AA}"
EndProject
Project("{FAE04EC0-301F-11D3-BF4B-00C04F79EFBC}") = "20. GenerateVariations", "20. GenerateVariations\20. GenerateVariations.csproj", "{E8151D54-91C2-4F54-AAFF-AE1A9484667A}"
EndProject
Project("{FAE04EC0-301F-11D3-BF4B-00C04F79EFBC}") = "21. GenerateCombinations", "21. GenerateCombinations\21. GenerateCombinations.csproj", "{BB4DBB3D-BB99-4DCB-B597-28C2FCC70BB7}"
EndProject
Global
	GlobalSection(SolutionConfigurationPlatforms) = preSolution
		Debug|Any CPU = Debug|Any CPU
		Release|Any CPU = Release|Any CPU
	EndGlobalSection
	GlobalSection(ProjectConfigurationPlatforms) = postSolution
		{26C18397-D289-499B-BE97-161E0E720F59}.Debug|Any CPU.ActiveCfg = Debug|Any CPU
		{26C18397-D289-499B-BE97-161E0E720F59}.Debug|Any CPU.Build.0 = Debug|Any CPU
		{26C18397-D289-499B-BE97-161E0E720F59}.Release|Any CPU.ActiveCfg = Release|Any CPU
		{26C18397-D289-499B-BE97-161E0E720F59}.Release|Any CPU.Build.0 = Release|Any CPU
		{F70707E4-2167-4849-AE7F-5D4833CE8146}.Debug|Any CPU.ActiveCfg = Debug|Any CPU
		{F70707E4-2167-4849-AE7F-5D4833CE8146}.Debug|Any CPU.Build.0 = Debug|Any CPU
		{F70707E4-2167-4849-AE7F-5D4833CE8146}.Release|Any CPU.ActiveCfg = Release|Any CPU
		{F70707E4-2167-4849-AE7F-5D4833CE8146}.Release|Any CPU.Build.0 = Release|Any CPU
		{7C91558B-EF32-4F78-8A52-BC07306FE6F2}.Debug|Any CPU.ActiveCfg = Debug|Any CPU
		{7C91558B-EF32-4F78-8A52-BC07306FE6F2}.Debug|Any CPU.Build.0 = Debug|Any CPU
		{7C91558B-EF32-4F78-8A52-BC07306FE6F2}.Release|Any CPU.ActiveCfg = Release|Any CPU
		{7C91558B-EF32-4F78-8A52-BC07306FE6F2}.Release|Any CPU.Build.0 = Release|Any CPU
		{A7D39D69-2F2D-424D-B62A-0AAA80CC15F5}.Debug|Any CPU.ActiveCfg = Debug|Any CPU
		{A7D39D69-2F2D-424D-B62A-0AAA80CC15F5}.Debug|Any CPU.Build.0 = Debug|Any CPU
		{A7D39D69-2F2D-424D-B62A-0AAA80CC15F5}.Release|Any CPU.ActiveCfg = Release|Any CPU
		{A7D39D69-2F2D-424D-B62A-0AAA80CC15F5}.Release|Any CPU.Build.0 = Release|Any CPU
		{E3842445-0109-4AB1-B196-E58585808CB5}.Debug|Any CPU.ActiveCfg = Debug|Any CPU
		{E3842445-0109-4AB1-B196-E58585808CB5}.Debug|Any CPU.Build.0 = Debug|Any CPU
		{E3842445-0109-4AB1-B196-E58585808CB5}.Release|Any CPU.ActiveCfg = Release|Any CPU
		{E3842445-0109-4AB1-B196-E58585808CB5}.Release|Any CPU.Build.0 = Release|Any CPU
		{68E74988-AF88-46A0-9F9D-908CA3922C6E}.Debug|Any CPU.ActiveCfg = Debug|Any CPU
		{68E74988-AF88-46A0-9F9D-908CA3922C6E}.Debug|Any CPU.Build.0 = Debug|Any CPU
		{68E74988-AF88-46A0-9F9D-908CA3922C6E}.Release|Any CPU.ActiveCfg = Release|Any CPU
		{68E74988-AF88-46A0-9F9D-908CA3922C6E}.Release|Any CPU.Build.0 = Release|Any CPU
		{DD7CC4C9-CBC5-4586-BED6-D29705C49584}.Debug|Any CPU.ActiveCfg = Debug|Any CPU
		{DD7CC4C9-CBC5-4586-BED6-D29705C49584}.Debug|Any CPU.Build.0 = Debug|Any CPU
		{DD7CC4C9-CBC5-4586-BED6-D29705C49584}.Release|Any CPU.ActiveCfg = Release|Any CPU
		{DD7CC4C9-CBC5-4586-BED6-D29705C49584}.Release|Any CPU.Build.0 = Release|Any CPU
		{F9E375DF-9583-4573-8920-8437FAAA690D}.Debug|Any CPU.ActiveCfg = Debug|Any CPU
		{F9E375DF-9583-4573-8920-8437FAAA690D}.Debug|Any CPU.Build.0 = Debug|Any CPU
		{F9E375DF-9583-4573-8920-8437FAAA690D}.Release|Any CPU.ActiveCfg = Release|Any CPU
		{F9E375DF-9583-4573-8920-8437FAAA690D}.Release|Any CPU.Build.0 = Release|Any CPU
		{7F965128-BBE2-4EE4-9B7B-4C2E513BA60E}.Debug|Any CPU.ActiveCfg = Debug|Any CPU
		{7F965128-BBE2-4EE4-9B7B-4C2E513BA60E}.Debug|Any CPU.Build.0 = Debug|Any CPU
		{7F965128-BBE2-4EE4-9B7B-4C2E513BA60E}.Release|Any CPU.ActiveCfg = Release|Any CPU
		{7F965128-BBE2-4EE4-9B7B-4C2E513BA60E}.Release|Any CPU.Build.0 = Release|Any CPU
		{AB9E271E-0F87-495E-AB61-DDA94F27F6A3}.Debug|Any CPU.ActiveCfg = Debug|Any CPU
		{AB9E271E-0F87-495E-AB61-DDA94F27F6A3}.Debug|Any CPU.Build.0 = Debug|Any CPU
		{AB9E271E-0F87-495E-AB61-DDA94F27F6A3}.Release|Any CPU.ActiveCfg = Release|Any CPU
		{AB9E271E-0F87-495E-AB61-DDA94F27F6A3}.Release|Any CPU.Build.0 = Release|Any CPU
		{76D429C7-73B3-416D-AAD2-7523176D2956}.Debug|Any CPU.ActiveCfg = Debug|Any CPU
		{76D429C7-73B3-416D-AAD2-7523176D2956}.Debug|Any CPU.Build.0 = Debug|Any CPU
		{76D429C7-73B3-416D-AAD2-7523176D2956}.Release|Any CPU.ActiveCfg = Release|Any CPU
		{76D429C7-73B3-416D-AAD2-7523176D2956}.Release|Any CPU.Build.0 = Release|Any CPU
		{8781ECCA-D2CA-4AA8-AA33-5328F306A19C}.Debug|Any CPU.ActiveCfg = Debug|Any CPU
		{8781ECCA-D2CA-4AA8-AA33-5328F306A19C}.Debug|Any CPU.Build.0 = Debug|Any CPU
		{8781ECCA-D2CA-4AA8-AA33-5328F306A19C}.Release|Any CPU.ActiveCfg = Release|Any CPU
		{8781ECCA-D2CA-4AA8-AA33-5328F306A19C}.Release|Any CPU.Build.0 = Release|Any CPU
		{519BB0E6-F5B4-4A95-87A2-CD8516371B96}.Debug|Any CPU.ActiveCfg = Debug|Any CPU
		{519BB0E6-F5B4-4A95-87A2-CD8516371B96}.Debug|Any CPU.Build.0 = Debug|Any CPU
		{519BB0E6-F5B4-4A95-87A2-CD8516371B96}.Release|Any CPU.ActiveCfg = Release|Any CPU
		{519BB0E6-F5B4-4A95-87A2-CD8516371B96}.Release|Any CPU.Build.0 = Release|Any CPU
		{6B071418-B442-472A-9FC2-9AB49B4855D2}.Debug|Any CPU.ActiveCfg = Debug|Any CPU
		{6B071418-B442-472A-9FC2-9AB49B4855D2}.Debug|Any CPU.Build.0 = Debug|Any CPU
		{6B071418-B442-472A-9FC2-9AB49B4855D2}.Release|Any CPU.ActiveCfg = Release|Any CPU
		{6B071418-B442-472A-9FC2-9AB49B4855D2}.Release|Any CPU.Build.0 = Release|Any CPU
		{059A69A8-EEB3-432F-BBC8-6D2D369870CA}.Debug|Any CPU.ActiveCfg = Debug|Any CPU
		{059A69A8-EEB3-432F-BBC8-6D2D369870CA}.Debug|Any CPU.Build.0 = Debug|Any CPU
		{059A69A8-EEB3-432F-BBC8-6D2D369870CA}.Release|Any CPU.ActiveCfg = Release|Any CPU
		{059A69A8-EEB3-432F-BBC8-6D2D369870CA}.Release|Any CPU.Build.0 = Release|Any CPU
		{C330F1D3-34D9-4679-8B59-5B5E6E3BB297}.Debug|Any CPU.ActiveCfg = Debug|Any CPU
		{C330F1D3-34D9-4679-8B59-5B5E6E3BB297}.Debug|Any CPU.Build.0 = Debug|Any CPU
		{C330F1D3-34D9-4679-8B59-5B5E6E3BB297}.Release|Any CPU.ActiveCfg = Release|Any CPU
		{C330F1D3-34D9-4679-8B59-5B5E6E3BB297}.Release|Any CPU.Build.0 = Release|Any CPU
		{16D95983-1678-43B1-A344-3D92165CA972}.Debug|Any CPU.ActiveCfg = Debug|Any CPU
		{16D95983-1678-43B1-A344-3D92165CA972}.Debug|Any CPU.Build.0 = Debug|Any CPU
		{16D95983-1678-43B1-A344-3D92165CA972}.Release|Any CPU.ActiveCfg = Release|Any CPU
		{16D95983-1678-43B1-A344-3D92165CA972}.Release|Any CPU.Build.0 = Release|Any CPU
		{E1A03FE6-8DEA-46C5-8609-CD38DD82CF1C}.Debug|Any CPU.ActiveCfg = Debug|Any CPU
		{E1A03FE6-8DEA-46C5-8609-CD38DD82CF1C}.Debug|Any CPU.Build.0 = Debug|Any CPU
		{E1A03FE6-8DEA-46C5-8609-CD38DD82CF1C}.Release|Any CPU.ActiveCfg = Release|Any CPU
		{E1A03FE6-8DEA-46C5-8609-CD38DD82CF1C}.Release|Any CPU.Build.0 = Release|Any CPU
		{0E854EBD-A7CD-4DD8-8BD9-72D6DE1BD5AA}.Debug|Any CPU.ActiveCfg = Debug|Any CPU
		{0E854EBD-A7CD-4DD8-8BD9-72D6DE1BD5AA}.Debug|Any CPU.Build.0 = Debug|Any CPU
		{0E854EBD-A7CD-4DD8-8BD9-72D6DE1BD5AA}.Release|Any CPU.ActiveCfg = Release|Any CPU
		{0E854EBD-A7CD-4DD8-8BD9-72D6DE1BD5AA}.Release|Any CPU.Build.0 = Release|Any CPU
		{E8151D54-91C2-4F54-AAFF-AE1A9484667A}.Debug|Any CPU.ActiveCfg = Debug|Any CPU
		{E8151D54-91C2-4F54-AAFF-AE1A9484667A}.Debug|Any CPU.Build.0 = Debug|Any CPU
		{E8151D54-91C2-4F54-AAFF-AE1A9484667A}.Release|Any CPU.ActiveCfg = Release|Any CPU
		{E8151D54-91C2-4F54-AAFF-AE1A9484667A}.Release|Any CPU.Build.0 = Release|Any CPU
		{BB4DBB3D-BB99-4DCB-B597-28C2FCC70BB7}.Debug|Any CPU.ActiveCfg = Debug|Any CPU
		{BB4DBB3D-BB99-4DCB-B597-28C2FCC70BB7}.Debug|Any CPU.Build.0 = Debug|Any CPU
		{BB4DBB3D-BB99-4DCB-B597-28C2FCC70BB7}.Release|Any CPU.ActiveCfg = Release|Any CPU
		{BB4DBB3D-BB99-4DCB-B597-28C2FCC70BB7}.Release|Any CPU.Build.0 = Release|Any CPU
	EndGlobalSection
	GlobalSection(SolutionProperties) = preSolution
		HideSolutionNode = FALSE
	EndGlobalSection
EndGlobal
