
Microsoft Visual Studio Solution File, Format Version 12.00
# Visual Studio 2013
VisualStudioVersion = 12.0.20617.1 PREVIEW
MinimumVisualStudioVersion = 10.0.40219.1
Project("{FAE04EC0-301F-11D3-BF4B-00C04F79EFBC}") = "01.ImplementSubstring", "01.ImplementSubstring\01.ImplementSubstring.csproj", "{E6774CF0-915C-40B8-9062-9EB7F91F1F5C}"
EndProject
Project("{FAE04EC0-301F-11D3-BF4B-00C04F79EFBC}") = "02.ExtensionMethodsForIEnumerable", "02.ExtensionMethodsForIEnumerable\02.ExtensionMethodsForIEnumerable.csproj", "{FBCBDD15-7B22-454F-B205-CF8446B07CBB}"
EndProject
Project("{FAE04EC0-301F-11D3-BF4B-00C04F79EFBC}") = "06.PrintNumsDivisibleBy7and5", "06.PrintNumsDivisibleBy7and5\06.PrintNumsDivisibleBy7and5.csproj", "{664F745C-38A4-433B-B15A-4124AD90F67F}"
EndProject
Project("{FAE04EC0-301F-11D3-BF4B-00C04F79EFBC}") = "07.ExecuteMethodInInterval", "07.ExecuteMethodInInterval\07.ExecuteMethodInInterval.csproj", "{058BE109-6361-464F-B2BA-30279C421EC4}"
EndProject
Project("{FAE04EC0-301F-11D3-BF4B-00C04F79EFBC}") = "03-05.SortStudents", "03-05.SortStudents\03-05.SortStudents.csproj", "{B1D68DF5-DE63-424E-8886-C61BF29133BC}"
EndProject
Global
	GlobalSection(SolutionConfigurationPlatforms) = preSolution
		Debug|Any CPU = Debug|Any CPU
		Release|Any CPU = Release|Any CPU
	EndGlobalSection
	GlobalSection(ProjectConfigurationPlatforms) = postSolution
		{E6774CF0-915C-40B8-9062-9EB7F91F1F5C}.Debug|Any CPU.ActiveCfg = Debug|Any CPU
		{E6774CF0-915C-40B8-9062-9EB7F91F1F5C}.Debug|Any CPU.Build.0 = Debug|Any CPU
		{E6774CF0-915C-40B8-9062-9EB7F91F1F5C}.Release|Any CPU.ActiveCfg = Release|Any CPU
		{E6774CF0-915C-40B8-9062-9EB7F91F1F5C}.Release|Any CPU.Build.0 = Release|Any CPU
		{FBCBDD15-7B22-454F-B205-CF8446B07CBB}.Debug|Any CPU.ActiveCfg = Debug|Any CPU
		{FBCBDD15-7B22-454F-B205-CF8446B07CBB}.Debug|Any CPU.Build.0 = Debug|Any CPU
		{FBCBDD15-7B22-454F-B205-CF8446B07CBB}.Release|Any CPU.ActiveCfg = Release|Any CPU
		{FBCBDD15-7B22-454F-B205-CF8446B07CBB}.Release|Any CPU.Build.0 = Release|Any CPU
		{664F745C-38A4-433B-B15A-4124AD90F67F}.Debug|Any CPU.ActiveCfg = Debug|Any CPU
		{664F745C-38A4-433B-B15A-4124AD90F67F}.Debug|Any CPU.Build.0 = Debug|Any CPU
		{664F745C-38A4-433B-B15A-4124AD90F67F}.Release|Any CPU.ActiveCfg = Release|Any CPU
		{664F745C-38A4-433B-B15A-4124AD90F67F}.Release|Any CPU.Build.0 = Release|Any CPU
		{058BE109-6361-464F-B2BA-30279C421EC4}.Debug|Any CPU.ActiveCfg = Debug|Any CPU
		{058BE109-6361-464F-B2BA-30279C421EC4}.Debug|Any CPU.Build.0 = Debug|Any CPU
		{058BE109-6361-464F-B2BA-30279C421EC4}.Release|Any CPU.ActiveCfg = Release|Any CPU
		{058BE109-6361-464F-B2BA-30279C421EC4}.Release|Any CPU.Build.0 = Release|Any CPU
		{B1D68DF5-DE63-424E-8886-C61BF29133BC}.Debug|Any CPU.ActiveCfg = Debug|Any CPU
		{B1D68DF5-DE63-424E-8886-C61BF29133BC}.Debug|Any CPU.Build.0 = Debug|Any CPU
		{B1D68DF5-DE63-424E-8886-C61BF29133BC}.Release|Any CPU.ActiveCfg = Release|Any CPU
		{B1D68DF5-DE63-424E-8886-C61BF29133BC}.Release|Any CPU.Build.0 = Release|Any CPU
	EndGlobalSection
	GlobalSection(SolutionProperties) = preSolution
		HideSolutionNode = FALSE
	EndGlobalSection
EndGlobal
