
Microsoft Visual Studio Solution File, Format Version 12.00
# Visual Studio 2012
Project("{FAE04EC0-301F-11D3-BF4B-00C04F79EFBC}") = "1. CreateArrayPrintMembers", "1. CreateArrayPrintMembers\1. CreateArrayPrintMembers.csproj", "{CABA4A91-B763-4FE1-B810-28968A95AA3C}"
EndProject
Project("{FAE04EC0-301F-11D3-BF4B-00C04F79EFBC}") = "2. ReadAndCompareTwoArrays", "2. ReadAndCompareTwoArrays\2. ReadAndCompareTwoArrays.csproj", "{72DF695E-AB29-41A5-91E5-EF681CBDF55C}"
EndProject
Project("{FAE04EC0-301F-11D3-BF4B-00C04F79EFBC}") = "3. CompareCharArrays", "3. CompareCharArrays\3. CompareCharArrays.csproj", "{6F0B6FCB-C315-4E3C-BCCC-6B64B4E311ED}"
EndProject
Project("{FAE04EC0-301F-11D3-BF4B-00C04F79EFBC}") = "4. FindMaxtSequenceInArray", "4. FindMaxtSequenceInArray\4. FindMaxtSequenceInArray.csproj", "{0B3C1750-48CD-4548-83E9-D2CAAC0A62ED}"
EndProject
Project("{FAE04EC0-301F-11D3-BF4B-00C04F79EFBC}") = "5. FindMaxIncreasingSequenceInArray", "5. FindMaxIncreasingSequenceInArray\5. FindMaxIncreasingSequenceInArray.csproj", "{BC324460-BC7F-4879-B05D-CA67681A0D63}"
EndProject
Project("{FAE04EC0-301F-11D3-BF4B-00C04F79EFBC}") = "6. FindMaxSumInArray", "6. FindMaxSumInArray\6. FindMaxSumInArray.csproj", "{EDE5C501-A14F-434C-ADCB-27BD88B86F28}"
EndProject
Project("{FAE04EC0-301F-11D3-BF4B-00C04F79EFBC}") = "7. SelectionSortAlgorithm", "7. SelectionSortAlgorithm\7. SelectionSortAlgorithm.csproj", "{75B56D89-9FBE-4AF7-B48C-843C60D1E680}"
EndProject
Global
	GlobalSection(SolutionConfigurationPlatforms) = preSolution
		Debug|Any CPU = Debug|Any CPU
		Release|Any CPU = Release|Any CPU
	EndGlobalSection
	GlobalSection(ProjectConfigurationPlatforms) = postSolution
		{CABA4A91-B763-4FE1-B810-28968A95AA3C}.Debug|Any CPU.ActiveCfg = Debug|Any CPU
		{CABA4A91-B763-4FE1-B810-28968A95AA3C}.Debug|Any CPU.Build.0 = Debug|Any CPU
		{CABA4A91-B763-4FE1-B810-28968A95AA3C}.Release|Any CPU.ActiveCfg = Release|Any CPU
		{CABA4A91-B763-4FE1-B810-28968A95AA3C}.Release|Any CPU.Build.0 = Release|Any CPU
		{72DF695E-AB29-41A5-91E5-EF681CBDF55C}.Debug|Any CPU.ActiveCfg = Debug|Any CPU
		{72DF695E-AB29-41A5-91E5-EF681CBDF55C}.Debug|Any CPU.Build.0 = Debug|Any CPU
		{72DF695E-AB29-41A5-91E5-EF681CBDF55C}.Release|Any CPU.ActiveCfg = Release|Any CPU
		{72DF695E-AB29-41A5-91E5-EF681CBDF55C}.Release|Any CPU.Build.0 = Release|Any CPU
		{6F0B6FCB-C315-4E3C-BCCC-6B64B4E311ED}.Debug|Any CPU.ActiveCfg = Debug|Any CPU
		{6F0B6FCB-C315-4E3C-BCCC-6B64B4E311ED}.Debug|Any CPU.Build.0 = Debug|Any CPU
		{6F0B6FCB-C315-4E3C-BCCC-6B64B4E311ED}.Release|Any CPU.ActiveCfg = Release|Any CPU
		{6F0B6FCB-C315-4E3C-BCCC-6B64B4E311ED}.Release|Any CPU.Build.0 = Release|Any CPU
		{0B3C1750-48CD-4548-83E9-D2CAAC0A62ED}.Debug|Any CPU.ActiveCfg = Debug|Any CPU
		{0B3C1750-48CD-4548-83E9-D2CAAC0A62ED}.Debug|Any CPU.Build.0 = Debug|Any CPU
		{0B3C1750-48CD-4548-83E9-D2CAAC0A62ED}.Release|Any CPU.ActiveCfg = Release|Any CPU
		{0B3C1750-48CD-4548-83E9-D2CAAC0A62ED}.Release|Any CPU.Build.0 = Release|Any CPU
		{BC324460-BC7F-4879-B05D-CA67681A0D63}.Debug|Any CPU.ActiveCfg = Debug|Any CPU
		{BC324460-BC7F-4879-B05D-CA67681A0D63}.Debug|Any CPU.Build.0 = Debug|Any CPU
		{BC324460-BC7F-4879-B05D-CA67681A0D63}.Release|Any CPU.ActiveCfg = Release|Any CPU
		{BC324460-BC7F-4879-B05D-CA67681A0D63}.Release|Any CPU.Build.0 = Release|Any CPU
		{EDE5C501-A14F-434C-ADCB-27BD88B86F28}.Debug|Any CPU.ActiveCfg = Debug|Any CPU
		{EDE5C501-A14F-434C-ADCB-27BD88B86F28}.Debug|Any CPU.Build.0 = Debug|Any CPU
		{EDE5C501-A14F-434C-ADCB-27BD88B86F28}.Release|Any CPU.ActiveCfg = Release|Any CPU
		{EDE5C501-A14F-434C-ADCB-27BD88B86F28}.Release|Any CPU.Build.0 = Release|Any CPU
		{75B56D89-9FBE-4AF7-B48C-843C60D1E680}.Debug|Any CPU.ActiveCfg = Debug|Any CPU
		{75B56D89-9FBE-4AF7-B48C-843C60D1E680}.Debug|Any CPU.Build.0 = Debug|Any CPU
		{75B56D89-9FBE-4AF7-B48C-843C60D1E680}.Release|Any CPU.ActiveCfg = Release|Any CPU
		{75B56D89-9FBE-4AF7-B48C-843C60D1E680}.Release|Any CPU.Build.0 = Release|Any CPU
	EndGlobalSection
	GlobalSection(SolutionProperties) = preSolution
		HideSolutionNode = FALSE
	EndGlobalSection
EndGlobal
