
Microsoft Visual Studio Solution File, Format Version 12.00
# Visual Studio 2013
VisualStudioVersion = 12.0.20617.1 PREVIEW
MinimumVisualStudioVersion = 10.0.40219.1
Project("{FAE04EC0-301F-11D3-BF4B-00C04F79EFBC}") = "CleanCode", "CleanCode\CleanCode.csproj", "{12B9A723-6852-4F97-9A18-820C00695E3B}"
EndProject
Project("{FAE04EC0-301F-11D3-BF4B-00C04F79EFBC}") = "KaspichanNumbers", "KaspichanNumbers\KaspichanNumbers.csproj", "{5D2C0DFD-CDBD-4D5E-8121-91A9C6FD682F}"
EndProject
Project("{FAE04EC0-301F-11D3-BF4B-00C04F79EFBC}") = "GreedyDwarf", "GreedyDwarf\GreedyDwarf.csproj", "{51AFB0AB-494C-486F-878D-C1DB43A81D33}"
EndProject
Project("{FAE04EC0-301F-11D3-BF4B-00C04F79EFBC}") = "ConsoleJustification", "ConsoleJustification\ConsoleJustification.csproj", "{C734729C-246E-42C3-9C70-0A92D22BA4D9}"
EndProject
Project("{FAE04EC0-301F-11D3-BF4B-00C04F79EFBC}") = "OneTaskisNotEnough", "OneTaskisNotEnough\OneTaskisNotEnough.csproj", "{54046F05-4BD0-4B65-B407-F26984149BD9}"
EndProject
Project("{FAE04EC0-301F-11D3-BF4B-00C04F79EFBC}") = "Cube__Slides", "Slides\Cube__Slides.csproj", "{DC43158E-0381-4D0F-9A80-8A511417C59A}"
EndProject
Project("{FAE04EC0-301F-11D3-BF4B-00C04F79EFBC}") = "9GagNumbers", "9GagNumbers\9GagNumbers.csproj", "{8D51BC24-2542-4669-9C4D-586F6C976CAA}"
EndProject
Project("{FAE04EC0-301F-11D3-BF4B-00C04F79EFBC}") = "FakeTextMarkupLanguage", "FakeTextMarkupLanguage\FakeTextMarkupLanguage.csproj", "{25F50FD0-4DC9-4E7C-8E16-255862EE89AF}"
EndProject
Project("{FAE04EC0-301F-11D3-BF4B-00C04F79EFBC}") = "ThreeinOne", "ThreeinOne\ThreeinOne.csproj", "{0C0641D4-50BE-467B-B4F2-7A67B2EE16A0}"
EndProject
Project("{FAE04EC0-301F-11D3-BF4B-00C04F79EFBC}") = "SpecialValue", "SpecialValue\SpecialValue.csproj", "{0863BA72-47B9-462E-B140-2D134B9CF110}"
EndProject
Project("{FAE04EC0-301F-11D3-BF4B-00C04F79EFBC}") = "Crossword", "Crossword\Crossword.csproj", "{AB6537D0-B853-452E-9D05-CCC00E9D2DA6}"
EndProject
Project("{FAE04EC0-301F-11D3-BF4B-00C04F79EFBC}") = "Indices", "Indices\Indices.csproj", "{1D5A7364-2B6B-4F7B-8AAF-8EC47E8F83CE}"
EndProject
Project("{FAE04EC0-301F-11D3-BF4B-00C04F79EFBC}") = "AcademyTasks", "AcademyTasks\AcademyTasks.csproj", "{C78F65F7-F4A8-4C66-822A-B25B3D73837B}"
EndProject
Project("{FAE04EC0-301F-11D3-BF4B-00C04F79EFBC}") = "MessagesinaBottle", "MessagesinaBottle\MessagesinaBottle.csproj", "{4C81AD15-EFA5-4F46-81C4-800391ED3837}"
EndProject
Project("{FAE04EC0-301F-11D3-BF4B-00C04F79EFBC}") = "SecretLanguage", "SecretLanguage\SecretLanguage.csproj", "{7DD99E2A-F352-49C9-A8C0-7B10079128FD}"
EndProject
Project("{FAE04EC0-301F-11D3-BF4B-00C04F79EFBC}") = "Cooking", "Cooking\Cooking.csproj", "{BD53D047-1E06-472D-8CBA-A0E851A033C3}"
EndProject
Project("{FAE04EC0-301F-11D3-BF4B-00C04F79EFBC}") = "Brackets", "Brackets\Brackets.csproj", "{8EC8172C-DF37-44AB-B3E1-F03FB796398A}"
EndProject
Project("{FAE04EC0-301F-11D3-BF4B-00C04F79EFBC}") = "Cube__Laser", "Laser\Cube__Laser.csproj", "{6A9A50A3-EE59-483F-8C7B-43D694A130F2}"
EndProject
Project("{FAE04EC0-301F-11D3-BF4B-00C04F79EFBC}") = "TwoIsBetterThanOne", "TwoIsBetterThanOne\TwoIsBetterThanOne.csproj", "{8BB8404E-1562-4529-9116-C8FD331E99F5}"
EndProject
Project("{FAE04EC0-301F-11D3-BF4B-00C04F79EFBC}") = "KukataIsDancing", "KukataIsDancing\KukataIsDancing.csproj", "{126C0081-0154-43F5-AE53-835A3FCF126B}"
EndProject
Project("{FAE04EC0-301F-11D3-BF4B-00C04F79EFBC}") = "Cube__BombingCuboids", "BombingCuboids\Cube__BombingCuboids.csproj", "{8F8AFC45-088B-4FC2-956E-ECBB2F979850}"
EndProject
Project("{FAE04EC0-301F-11D3-BF4B-00C04F79EFBC}") = "Cube__3DSlices", "3DSlices\Cube__3DSlices.csproj", "{B78B3CAB-E356-4ACD-B0FE-AA8984733DC7}"
EndProject
Project("{FAE04EC0-301F-11D3-BF4B-00C04F79EFBC}") = "Cube__3DStars", "3DStars\Cube__3DStars.csproj", "{63EF77ED-50FE-48A6-B58F-47966DC1FD1E}"
EndProject
Project("{FAE04EC0-301F-11D3-BF4B-00C04F79EFBC}") = "Cube__3DLines", "Cube__3DLines\Cube__3DLines.csproj", "{6BB46595-EA4C-4D26-8B2D-DCAC5D5507F4}"
EndProject
Project("{FAE04EC0-301F-11D3-BF4B-00C04F79EFBC}") = "GenomeDecoder", "GenomeDecoder\GenomeDecoder.csproj", "{728E1EBB-8948-4FEC-AFF5-FA6C25CF7E40}"
EndProject
Project("{FAE04EC0-301F-11D3-BF4B-00C04F79EFBC}") = "BasicLanguage", "BasicLanguage\BasicLanguage.csproj", "{7A4E61C9-A7F6-4D8D-B262-F30409AA01EB}"
EndProject
Project("{FAE04EC0-301F-11D3-BF4B-00C04F79EFBC}") = "Employees", "Employees\Employees.csproj", "{6D587AA9-2327-49DD-96EF-752BEAF8DE81}"
EndProject
Project("{FAE04EC0-301F-11D3-BF4B-00C04F79EFBC}") = "PHPVariables", "PHPVariables\PHPVariables.csproj", "{893DA885-18D2-4B60-AC45-0A9C8BBFD46C}"
EndProject
Project("{FAE04EC0-301F-11D3-BF4B-00C04F79EFBC}") = "AirplaneDrinks", "AirplaneDrinks\AirplaneDrinks.csproj", "{94F8B0C5-A5C5-4928-9550-780E50E558A0}"
EndProject
Project("{FAE04EC0-301F-11D3-BF4B-00C04F79EFBC}") = "Zerg", "1.Task1\Zerg.csproj", "{46C6FC67-FF08-4064-9FD2-7D2774CC81CC}"
EndProject
Project("{FAE04EC0-301F-11D3-BF4B-00C04F79EFBC}") = "MovingLetters", "2.Task2\MovingLetters.csproj", "{2CAE3B65-F19F-4722-8DED-9EF38091CF85}"
EndProject
Project("{FAE04EC0-301F-11D3-BF4B-00C04F79EFBC}") = "3.Task3", "3.Task3\3.Task3.csproj", "{A32B44C8-3383-4E11-BBDA-7C64A5C4343A}"
EndProject
Project("{FAE04EC0-301F-11D3-BF4B-00C04F79EFBC}") = "EncodeAndEncrypt", "4.Task4\EncodeAndEncrypt.csproj", "{317C581F-E5E4-4685-8CB4-974C8F9DD80C}"
EndProject
Project("{FAE04EC0-301F-11D3-BF4B-00C04F79EFBC}") = "5.Task5", "5.Task5\5.Task5.csproj", "{7A4ABCAD-FDF3-44EF-A8FF-FCC9075B1D52}"
EndProject
Project("{FAE04EC0-301F-11D3-BF4B-00C04F79EFBC}") = "MultiverseCommunication", "MultiverseCommunication\MultiverseCommunication.csproj", "{3891005F-2E83-46BE-B6E2-6213E7B58A31}"
EndProject
Project("{FAE04EC0-301F-11D3-BF4B-00C04F79EFBC}") = "MagicWords", "MagicWords\MagicWords.csproj", "{DD77B15F-6134-43E8-87E4-94B7178BD957}"
EndProject
Global
	GlobalSection(SolutionConfigurationPlatforms) = preSolution
		Debug|Any CPU = Debug|Any CPU
		Release|Any CPU = Release|Any CPU
	EndGlobalSection
	GlobalSection(ProjectConfigurationPlatforms) = postSolution
		{12B9A723-6852-4F97-9A18-820C00695E3B}.Debug|Any CPU.ActiveCfg = Debug|Any CPU
		{12B9A723-6852-4F97-9A18-820C00695E3B}.Debug|Any CPU.Build.0 = Debug|Any CPU
		{12B9A723-6852-4F97-9A18-820C00695E3B}.Release|Any CPU.ActiveCfg = Release|Any CPU
		{12B9A723-6852-4F97-9A18-820C00695E3B}.Release|Any CPU.Build.0 = Release|Any CPU
		{5D2C0DFD-CDBD-4D5E-8121-91A9C6FD682F}.Debug|Any CPU.ActiveCfg = Debug|Any CPU
		{5D2C0DFD-CDBD-4D5E-8121-91A9C6FD682F}.Debug|Any CPU.Build.0 = Debug|Any CPU
		{5D2C0DFD-CDBD-4D5E-8121-91A9C6FD682F}.Release|Any CPU.ActiveCfg = Release|Any CPU
		{5D2C0DFD-CDBD-4D5E-8121-91A9C6FD682F}.Release|Any CPU.Build.0 = Release|Any CPU
		{51AFB0AB-494C-486F-878D-C1DB43A81D33}.Debug|Any CPU.ActiveCfg = Debug|Any CPU
		{51AFB0AB-494C-486F-878D-C1DB43A81D33}.Debug|Any CPU.Build.0 = Debug|Any CPU
		{51AFB0AB-494C-486F-878D-C1DB43A81D33}.Release|Any CPU.ActiveCfg = Release|Any CPU
		{51AFB0AB-494C-486F-878D-C1DB43A81D33}.Release|Any CPU.Build.0 = Release|Any CPU
		{C734729C-246E-42C3-9C70-0A92D22BA4D9}.Debug|Any CPU.ActiveCfg = Debug|Any CPU
		{C734729C-246E-42C3-9C70-0A92D22BA4D9}.Debug|Any CPU.Build.0 = Debug|Any CPU
		{C734729C-246E-42C3-9C70-0A92D22BA4D9}.Release|Any CPU.ActiveCfg = Release|Any CPU
		{C734729C-246E-42C3-9C70-0A92D22BA4D9}.Release|Any CPU.Build.0 = Release|Any CPU
		{54046F05-4BD0-4B65-B407-F26984149BD9}.Debug|Any CPU.ActiveCfg = Debug|Any CPU
		{54046F05-4BD0-4B65-B407-F26984149BD9}.Debug|Any CPU.Build.0 = Debug|Any CPU
		{54046F05-4BD0-4B65-B407-F26984149BD9}.Release|Any CPU.ActiveCfg = Release|Any CPU
		{54046F05-4BD0-4B65-B407-F26984149BD9}.Release|Any CPU.Build.0 = Release|Any CPU
		{DC43158E-0381-4D0F-9A80-8A511417C59A}.Debug|Any CPU.ActiveCfg = Debug|Any CPU
		{DC43158E-0381-4D0F-9A80-8A511417C59A}.Debug|Any CPU.Build.0 = Debug|Any CPU
		{DC43158E-0381-4D0F-9A80-8A511417C59A}.Release|Any CPU.ActiveCfg = Release|Any CPU
		{DC43158E-0381-4D0F-9A80-8A511417C59A}.Release|Any CPU.Build.0 = Release|Any CPU
		{8D51BC24-2542-4669-9C4D-586F6C976CAA}.Debug|Any CPU.ActiveCfg = Debug|Any CPU
		{8D51BC24-2542-4669-9C4D-586F6C976CAA}.Debug|Any CPU.Build.0 = Debug|Any CPU
		{8D51BC24-2542-4669-9C4D-586F6C976CAA}.Release|Any CPU.ActiveCfg = Release|Any CPU
		{8D51BC24-2542-4669-9C4D-586F6C976CAA}.Release|Any CPU.Build.0 = Release|Any CPU
		{25F50FD0-4DC9-4E7C-8E16-255862EE89AF}.Debug|Any CPU.ActiveCfg = Debug|Any CPU
		{25F50FD0-4DC9-4E7C-8E16-255862EE89AF}.Debug|Any CPU.Build.0 = Debug|Any CPU
		{25F50FD0-4DC9-4E7C-8E16-255862EE89AF}.Release|Any CPU.ActiveCfg = Release|Any CPU
		{25F50FD0-4DC9-4E7C-8E16-255862EE89AF}.Release|Any CPU.Build.0 = Release|Any CPU
		{0C0641D4-50BE-467B-B4F2-7A67B2EE16A0}.Debug|Any CPU.ActiveCfg = Debug|Any CPU
		{0C0641D4-50BE-467B-B4F2-7A67B2EE16A0}.Debug|Any CPU.Build.0 = Debug|Any CPU
		{0C0641D4-50BE-467B-B4F2-7A67B2EE16A0}.Release|Any CPU.ActiveCfg = Release|Any CPU
		{0C0641D4-50BE-467B-B4F2-7A67B2EE16A0}.Release|Any CPU.Build.0 = Release|Any CPU
		{0863BA72-47B9-462E-B140-2D134B9CF110}.Debug|Any CPU.ActiveCfg = Debug|Any CPU
		{0863BA72-47B9-462E-B140-2D134B9CF110}.Debug|Any CPU.Build.0 = Debug|Any CPU
		{0863BA72-47B9-462E-B140-2D134B9CF110}.Release|Any CPU.ActiveCfg = Release|Any CPU
		{0863BA72-47B9-462E-B140-2D134B9CF110}.Release|Any CPU.Build.0 = Release|Any CPU
		{AB6537D0-B853-452E-9D05-CCC00E9D2DA6}.Debug|Any CPU.ActiveCfg = Debug|Any CPU
		{AB6537D0-B853-452E-9D05-CCC00E9D2DA6}.Debug|Any CPU.Build.0 = Debug|Any CPU
		{AB6537D0-B853-452E-9D05-CCC00E9D2DA6}.Release|Any CPU.ActiveCfg = Release|Any CPU
		{AB6537D0-B853-452E-9D05-CCC00E9D2DA6}.Release|Any CPU.Build.0 = Release|Any CPU
		{1D5A7364-2B6B-4F7B-8AAF-8EC47E8F83CE}.Debug|Any CPU.ActiveCfg = Debug|Any CPU
		{1D5A7364-2B6B-4F7B-8AAF-8EC47E8F83CE}.Debug|Any CPU.Build.0 = Debug|Any CPU
		{1D5A7364-2B6B-4F7B-8AAF-8EC47E8F83CE}.Release|Any CPU.ActiveCfg = Release|Any CPU
		{1D5A7364-2B6B-4F7B-8AAF-8EC47E8F83CE}.Release|Any CPU.Build.0 = Release|Any CPU
		{C78F65F7-F4A8-4C66-822A-B25B3D73837B}.Debug|Any CPU.ActiveCfg = Debug|Any CPU
		{C78F65F7-F4A8-4C66-822A-B25B3D73837B}.Debug|Any CPU.Build.0 = Debug|Any CPU
		{C78F65F7-F4A8-4C66-822A-B25B3D73837B}.Release|Any CPU.ActiveCfg = Release|Any CPU
		{C78F65F7-F4A8-4C66-822A-B25B3D73837B}.Release|Any CPU.Build.0 = Release|Any CPU
		{4C81AD15-EFA5-4F46-81C4-800391ED3837}.Debug|Any CPU.ActiveCfg = Debug|Any CPU
		{4C81AD15-EFA5-4F46-81C4-800391ED3837}.Debug|Any CPU.Build.0 = Debug|Any CPU
		{4C81AD15-EFA5-4F46-81C4-800391ED3837}.Release|Any CPU.ActiveCfg = Release|Any CPU
		{4C81AD15-EFA5-4F46-81C4-800391ED3837}.Release|Any CPU.Build.0 = Release|Any CPU
		{7DD99E2A-F352-49C9-A8C0-7B10079128FD}.Debug|Any CPU.ActiveCfg = Debug|Any CPU
		{7DD99E2A-F352-49C9-A8C0-7B10079128FD}.Debug|Any CPU.Build.0 = Debug|Any CPU
		{7DD99E2A-F352-49C9-A8C0-7B10079128FD}.Release|Any CPU.ActiveCfg = Release|Any CPU
		{7DD99E2A-F352-49C9-A8C0-7B10079128FD}.Release|Any CPU.Build.0 = Release|Any CPU
		{BD53D047-1E06-472D-8CBA-A0E851A033C3}.Debug|Any CPU.ActiveCfg = Debug|Any CPU
		{BD53D047-1E06-472D-8CBA-A0E851A033C3}.Debug|Any CPU.Build.0 = Debug|Any CPU
		{BD53D047-1E06-472D-8CBA-A0E851A033C3}.Release|Any CPU.ActiveCfg = Release|Any CPU
		{BD53D047-1E06-472D-8CBA-A0E851A033C3}.Release|Any CPU.Build.0 = Release|Any CPU
		{8EC8172C-DF37-44AB-B3E1-F03FB796398A}.Debug|Any CPU.ActiveCfg = Debug|Any CPU
		{8EC8172C-DF37-44AB-B3E1-F03FB796398A}.Debug|Any CPU.Build.0 = Debug|Any CPU
		{8EC8172C-DF37-44AB-B3E1-F03FB796398A}.Release|Any CPU.ActiveCfg = Release|Any CPU
		{8EC8172C-DF37-44AB-B3E1-F03FB796398A}.Release|Any CPU.Build.0 = Release|Any CPU
		{6A9A50A3-EE59-483F-8C7B-43D694A130F2}.Debug|Any CPU.ActiveCfg = Debug|Any CPU
		{6A9A50A3-EE59-483F-8C7B-43D694A130F2}.Debug|Any CPU.Build.0 = Debug|Any CPU
		{6A9A50A3-EE59-483F-8C7B-43D694A130F2}.Release|Any CPU.ActiveCfg = Release|Any CPU
		{6A9A50A3-EE59-483F-8C7B-43D694A130F2}.Release|Any CPU.Build.0 = Release|Any CPU
		{8BB8404E-1562-4529-9116-C8FD331E99F5}.Debug|Any CPU.ActiveCfg = Debug|Any CPU
		{8BB8404E-1562-4529-9116-C8FD331E99F5}.Debug|Any CPU.Build.0 = Debug|Any CPU
		{8BB8404E-1562-4529-9116-C8FD331E99F5}.Release|Any CPU.ActiveCfg = Release|Any CPU
		{8BB8404E-1562-4529-9116-C8FD331E99F5}.Release|Any CPU.Build.0 = Release|Any CPU
		{126C0081-0154-43F5-AE53-835A3FCF126B}.Debug|Any CPU.ActiveCfg = Debug|Any CPU
		{126C0081-0154-43F5-AE53-835A3FCF126B}.Debug|Any CPU.Build.0 = Debug|Any CPU
		{126C0081-0154-43F5-AE53-835A3FCF126B}.Release|Any CPU.ActiveCfg = Release|Any CPU
		{126C0081-0154-43F5-AE53-835A3FCF126B}.Release|Any CPU.Build.0 = Release|Any CPU
		{8F8AFC45-088B-4FC2-956E-ECBB2F979850}.Debug|Any CPU.ActiveCfg = Debug|Any CPU
		{8F8AFC45-088B-4FC2-956E-ECBB2F979850}.Debug|Any CPU.Build.0 = Debug|Any CPU
		{8F8AFC45-088B-4FC2-956E-ECBB2F979850}.Release|Any CPU.ActiveCfg = Release|Any CPU
		{8F8AFC45-088B-4FC2-956E-ECBB2F979850}.Release|Any CPU.Build.0 = Release|Any CPU
		{B78B3CAB-E356-4ACD-B0FE-AA8984733DC7}.Debug|Any CPU.ActiveCfg = Debug|Any CPU
		{B78B3CAB-E356-4ACD-B0FE-AA8984733DC7}.Debug|Any CPU.Build.0 = Debug|Any CPU
		{B78B3CAB-E356-4ACD-B0FE-AA8984733DC7}.Release|Any CPU.ActiveCfg = Release|Any CPU
		{B78B3CAB-E356-4ACD-B0FE-AA8984733DC7}.Release|Any CPU.Build.0 = Release|Any CPU
		{63EF77ED-50FE-48A6-B58F-47966DC1FD1E}.Debug|Any CPU.ActiveCfg = Debug|Any CPU
		{63EF77ED-50FE-48A6-B58F-47966DC1FD1E}.Debug|Any CPU.Build.0 = Debug|Any CPU
		{63EF77ED-50FE-48A6-B58F-47966DC1FD1E}.Release|Any CPU.ActiveCfg = Release|Any CPU
		{63EF77ED-50FE-48A6-B58F-47966DC1FD1E}.Release|Any CPU.Build.0 = Release|Any CPU
		{6BB46595-EA4C-4D26-8B2D-DCAC5D5507F4}.Debug|Any CPU.ActiveCfg = Debug|Any CPU
		{6BB46595-EA4C-4D26-8B2D-DCAC5D5507F4}.Debug|Any CPU.Build.0 = Debug|Any CPU
		{6BB46595-EA4C-4D26-8B2D-DCAC5D5507F4}.Release|Any CPU.ActiveCfg = Release|Any CPU
		{6BB46595-EA4C-4D26-8B2D-DCAC5D5507F4}.Release|Any CPU.Build.0 = Release|Any CPU
		{728E1EBB-8948-4FEC-AFF5-FA6C25CF7E40}.Debug|Any CPU.ActiveCfg = Debug|Any CPU
		{728E1EBB-8948-4FEC-AFF5-FA6C25CF7E40}.Debug|Any CPU.Build.0 = Debug|Any CPU
		{728E1EBB-8948-4FEC-AFF5-FA6C25CF7E40}.Release|Any CPU.ActiveCfg = Release|Any CPU
		{728E1EBB-8948-4FEC-AFF5-FA6C25CF7E40}.Release|Any CPU.Build.0 = Release|Any CPU
		{7A4E61C9-A7F6-4D8D-B262-F30409AA01EB}.Debug|Any CPU.ActiveCfg = Debug|Any CPU
		{7A4E61C9-A7F6-4D8D-B262-F30409AA01EB}.Debug|Any CPU.Build.0 = Debug|Any CPU
		{7A4E61C9-A7F6-4D8D-B262-F30409AA01EB}.Release|Any CPU.ActiveCfg = Release|Any CPU
		{7A4E61C9-A7F6-4D8D-B262-F30409AA01EB}.Release|Any CPU.Build.0 = Release|Any CPU
		{6D587AA9-2327-49DD-96EF-752BEAF8DE81}.Debug|Any CPU.ActiveCfg = Debug|Any CPU
		{6D587AA9-2327-49DD-96EF-752BEAF8DE81}.Debug|Any CPU.Build.0 = Debug|Any CPU
		{6D587AA9-2327-49DD-96EF-752BEAF8DE81}.Release|Any CPU.ActiveCfg = Release|Any CPU
		{6D587AA9-2327-49DD-96EF-752BEAF8DE81}.Release|Any CPU.Build.0 = Release|Any CPU
		{893DA885-18D2-4B60-AC45-0A9C8BBFD46C}.Debug|Any CPU.ActiveCfg = Debug|Any CPU
		{893DA885-18D2-4B60-AC45-0A9C8BBFD46C}.Debug|Any CPU.Build.0 = Debug|Any CPU
		{893DA885-18D2-4B60-AC45-0A9C8BBFD46C}.Release|Any CPU.ActiveCfg = Release|Any CPU
		{893DA885-18D2-4B60-AC45-0A9C8BBFD46C}.Release|Any CPU.Build.0 = Release|Any CPU
		{94F8B0C5-A5C5-4928-9550-780E50E558A0}.Debug|Any CPU.ActiveCfg = Debug|Any CPU
		{94F8B0C5-A5C5-4928-9550-780E50E558A0}.Debug|Any CPU.Build.0 = Debug|Any CPU
		{94F8B0C5-A5C5-4928-9550-780E50E558A0}.Release|Any CPU.ActiveCfg = Release|Any CPU
		{94F8B0C5-A5C5-4928-9550-780E50E558A0}.Release|Any CPU.Build.0 = Release|Any CPU
		{46C6FC67-FF08-4064-9FD2-7D2774CC81CC}.Debug|Any CPU.ActiveCfg = Debug|Any CPU
		{46C6FC67-FF08-4064-9FD2-7D2774CC81CC}.Debug|Any CPU.Build.0 = Debug|Any CPU
		{46C6FC67-FF08-4064-9FD2-7D2774CC81CC}.Release|Any CPU.ActiveCfg = Release|Any CPU
		{46C6FC67-FF08-4064-9FD2-7D2774CC81CC}.Release|Any CPU.Build.0 = Release|Any CPU
		{2CAE3B65-F19F-4722-8DED-9EF38091CF85}.Debug|Any CPU.ActiveCfg = Debug|Any CPU
		{2CAE3B65-F19F-4722-8DED-9EF38091CF85}.Debug|Any CPU.Build.0 = Debug|Any CPU
		{2CAE3B65-F19F-4722-8DED-9EF38091CF85}.Release|Any CPU.ActiveCfg = Release|Any CPU
		{2CAE3B65-F19F-4722-8DED-9EF38091CF85}.Release|Any CPU.Build.0 = Release|Any CPU
		{A32B44C8-3383-4E11-BBDA-7C64A5C4343A}.Debug|Any CPU.ActiveCfg = Debug|Any CPU
		{A32B44C8-3383-4E11-BBDA-7C64A5C4343A}.Debug|Any CPU.Build.0 = Debug|Any CPU
		{A32B44C8-3383-4E11-BBDA-7C64A5C4343A}.Release|Any CPU.ActiveCfg = Release|Any CPU
		{A32B44C8-3383-4E11-BBDA-7C64A5C4343A}.Release|Any CPU.Build.0 = Release|Any CPU
		{317C581F-E5E4-4685-8CB4-974C8F9DD80C}.Debug|Any CPU.ActiveCfg = Debug|Any CPU
		{317C581F-E5E4-4685-8CB4-974C8F9DD80C}.Debug|Any CPU.Build.0 = Debug|Any CPU
		{317C581F-E5E4-4685-8CB4-974C8F9DD80C}.Release|Any CPU.ActiveCfg = Release|Any CPU
		{317C581F-E5E4-4685-8CB4-974C8F9DD80C}.Release|Any CPU.Build.0 = Release|Any CPU
		{7A4ABCAD-FDF3-44EF-A8FF-FCC9075B1D52}.Debug|Any CPU.ActiveCfg = Debug|Any CPU
		{7A4ABCAD-FDF3-44EF-A8FF-FCC9075B1D52}.Debug|Any CPU.Build.0 = Debug|Any CPU
		{7A4ABCAD-FDF3-44EF-A8FF-FCC9075B1D52}.Release|Any CPU.ActiveCfg = Release|Any CPU
		{7A4ABCAD-FDF3-44EF-A8FF-FCC9075B1D52}.Release|Any CPU.Build.0 = Release|Any CPU
		{3891005F-2E83-46BE-B6E2-6213E7B58A31}.Debug|Any CPU.ActiveCfg = Debug|Any CPU
		{3891005F-2E83-46BE-B6E2-6213E7B58A31}.Debug|Any CPU.Build.0 = Debug|Any CPU
		{3891005F-2E83-46BE-B6E2-6213E7B58A31}.Release|Any CPU.ActiveCfg = Release|Any CPU
		{3891005F-2E83-46BE-B6E2-6213E7B58A31}.Release|Any CPU.Build.0 = Release|Any CPU
		{DD77B15F-6134-43E8-87E4-94B7178BD957}.Debug|Any CPU.ActiveCfg = Debug|Any CPU
		{DD77B15F-6134-43E8-87E4-94B7178BD957}.Debug|Any CPU.Build.0 = Debug|Any CPU
		{DD77B15F-6134-43E8-87E4-94B7178BD957}.Release|Any CPU.ActiveCfg = Release|Any CPU
		{DD77B15F-6134-43E8-87E4-94B7178BD957}.Release|Any CPU.Build.0 = Release|Any CPU
	EndGlobalSection
	GlobalSection(SolutionProperties) = preSolution
		HideSolutionNode = FALSE
	EndGlobalSection
EndGlobal
