
Microsoft Visual Studio Solution File, Format Version 12.00
# Visual Studio 2013
VisualStudioVersion = 12.0.20617.1 PREVIEW
MinimumVisualStudioVersion = 10.0.40219.1
Project("{FAE04EC0-301F-11D3-BF4B-00C04F79EFBC}") = "CartesianCoordinateSystem", "CartesianCoordinateSystem\CartesianCoordinateSystem.csproj", "{E2AFCB08-49CB-43B7-8133-A962898B7B1E}"
EndProject
Project("{FAE04EC0-301F-11D3-BF4B-00C04F79EFBC}") = "MissCat2011", "MissCat2011\MissCat2011.csproj", "{123C02B1-1254-48A9-B5A7-BBA9E320B5D6}"
EndProject
Project("{FAE04EC0-301F-11D3-BF4B-00C04F79EFBC}") = "ForestRoad", "ForestRoad\ForestRoad.csproj", "{6074BAB5-BEAA-4689-AD6F-F6EBDA098578}"
EndProject
Project("{FAE04EC0-301F-11D3-BF4B-00C04F79EFBC}") = "BinaryDigitsCount", "BinaryDigitsCount\BinaryDigitsCount.csproj", "{705BBF64-A3C5-4810-A881-6E8016058A36}"
EndProject
Project("{FAE04EC0-301F-11D3-BF4B-00C04F79EFBC}") = "SubsetSums", "SubsetSums\SubsetSums.csproj", "{B203C6F2-ABED-49CE-B7D0-FFF5660E7DE6}"
EndProject
Project("{FAE04EC0-301F-11D3-BF4B-00C04F79EFBC}") = "MathExpression", "MathExpression\MathExpression.csproj", "{C4C9F785-1761-40FB-9FFA-8E8FA30B8E9E}"
EndProject
Project("{FAE04EC0-301F-11D3-BF4B-00C04F79EFBC}") = "LeastMajorityMultiple", "LeastMajorityMultiple\LeastMajorityMultiple.csproj", "{B73B61F1-D23C-4F29-AEA8-FF4C274E6751}"
EndProject
Project("{FAE04EC0-301F-11D3-BF4B-00C04F79EFBC}") = "Trapezoid", "Trapezoid\Trapezoid.csproj", "{4D003F0C-503C-48A4-9030-DD98486ECAAA}"
EndProject
Project("{FAE04EC0-301F-11D3-BF4B-00C04F79EFBC}") = "OddNumber", "OddNumber\OddNumber.csproj", "{BCA819F5-293F-486A-B763-35B882A74856}"
EndProject
Project("{FAE04EC0-301F-11D3-BF4B-00C04F79EFBC}") = "FallDown", "FallDown\FallDown.csproj", "{816A396B-C90B-4A19-B446-13EE7A7A9EDA}"
EndProject
Project("{FAE04EC0-301F-11D3-BF4B-00C04F79EFBC}") = "ShipDamage", "ShipDamage\ShipDamage.csproj", "{58512ACB-050E-4EB9-8F7E-89FEB9B0C963}"
EndProject
Project("{FAE04EC0-301F-11D3-BF4B-00C04F79EFBC}") = "Tribonacci", "Tribonacci\Tribonacci.csproj", "{60227BCD-E752-4CD4-99AA-BC3051BB39DD}"
EndProject
Project("{FAE04EC0-301F-11D3-BF4B-00C04F79EFBC}") = "FirTree", "FirTree\FirTree.csproj", "{F9DB0271-2194-4F8B-8443-17E90D76A781}"
EndProject
Project("{FAE04EC0-301F-11D3-BF4B-00C04F79EFBC}") = "WeAllLoveBits", "WeAllLoveBits\WeAllLoveBits.csproj", "{1B343BCA-BD1D-4410-BE96-3A2413BFEE4E}"
EndProject
Project("{FAE04EC0-301F-11D3-BF4B-00C04F79EFBC}") = "Pillars", "Pillars\Pillars.csproj", "{5148F557-AFE3-43C6-8817-3BB282B24087}"
EndProject
Project("{FAE04EC0-301F-11D3-BF4B-00C04F79EFBC}") = "FighterAttack", "FighterAttack\FighterAttack.csproj", "{CFC43906-85C6-4FA1-B252-78647B201453}"
EndProject
Project("{FAE04EC0-301F-11D3-BF4B-00C04F79EFBC}") = "AstrologicalDigits", "AstrologicalDigits\AstrologicalDigits.csproj", "{B5A6B535-8627-4C1E-8035-A6693490B3A3}"
EndProject
Project("{FAE04EC0-301F-11D3-BF4B-00C04F79EFBC}") = "SandGlass", "SandGlass\SandGlass.csproj", "{9F5157B0-3842-4678-8062-F9AF785AFE7B}"
EndProject
Project("{FAE04EC0-301F-11D3-BF4B-00C04F79EFBC}") = "DancingBits", "DancingBits\DancingBits.csproj", "{7A22DE79-C694-4375-841E-9AAD0FCA908E}"
EndProject
Project("{FAE04EC0-301F-11D3-BF4B-00C04F79EFBC}") = "Lines", "Lines\Lines.csproj", "{23D90D72-EF5B-4634-8B57-8ABFC564BB91}"
EndProject
Project("{FAE04EC0-301F-11D3-BF4B-00C04F79EFBC}") = "NextDate", "NextDate\NextDate.csproj", "{5312231F-DFC5-49A6-82F2-1F682F506DC4}"
EndProject
Project("{FAE04EC0-301F-11D3-BF4B-00C04F79EFBC}") = "TribonacciTriangle", "TribonacciTriangle\TribonacciTriangle.csproj", "{015B679F-59B6-4E3D-AC02-E1AC70016BED}"
EndProject
Project("{FAE04EC0-301F-11D3-BF4B-00C04F79EFBC}") = "Sheets", "Sheets\Sheets.csproj", "{CCE21C60-21D8-4FA0-8D6F-4884E8A35190}"
EndProject
Project("{FAE04EC0-301F-11D3-BF4B-00C04F79EFBC}") = "Carpets", "Carpets\Carpets.csproj", "{DA3509CD-5517-49D6-97CB-BB16E1264B12}"
EndProject
Project("{FAE04EC0-301F-11D3-BF4B-00C04F79EFBC}") = "FormulaBit1", "FormulaBit1\FormulaBit1.csproj", "{54608705-7918-42BB-BD55-64740493DAF6}"
EndProject
Project("{FAE04EC0-301F-11D3-BF4B-00C04F79EFBC}") = "SevenlandNumbers", "SevenlandNumbers\SevenlandNumbers.csproj", "{CAE61085-8D60-44E8-9B16-20A851FBC481}"
EndProject
Project("{FAE04EC0-301F-11D3-BF4B-00C04F79EFBC}") = "A-nacci", "A-nacci\A-nacci.csproj", "{8CDDB01A-3C6D-44FE-A94E-D00C611AB64D}"
EndProject
Project("{FAE04EC0-301F-11D3-BF4B-00C04F79EFBC}") = "ExcelColumns", "ExcelColumns\ExcelColumns.csproj", "{210DBA1C-B20F-4FD6-AF50-25E7CC015942}"
EndProject
Project("{FAE04EC0-301F-11D3-BF4B-00C04F79EFBC}") = "TelerikLogo", "TelerikLogo\TelerikLogo.csproj", "{6AC31089-779C-4C7C-A8DE-A950B6D029FB}"
EndProject
Project("{FAE04EC0-301F-11D3-BF4B-00C04F79EFBC}") = "BitBall", "BitBall\BitBall.csproj", "{978802EA-9F47-4465-93E2-73A01B2AE862}"
EndProject
Project("{FAE04EC0-301F-11D3-BF4B-00C04F79EFBC}") = "TripleRotationOfDigits", "TripleRotationOfDigits\TripleRotationOfDigits.csproj", "{1E47120F-D386-4870-B801-38466612A1AD}"
EndProject
Project("{FAE04EC0-301F-11D3-BF4B-00C04F79EFBC}") = "QuadronacciRectangle", "QuadronacciRectangle\QuadronacciRectangle.csproj", "{406AEC6E-3BBA-4B33-B8D6-7DAB4F14E085}"
EndProject
Project("{FAE04EC0-301F-11D3-BF4B-00C04F79EFBC}") = "Poker", "Poker\Poker.csproj", "{2A436FBE-356A-41AE-B89C-DF6FDC6854CD}"
EndProject
Project("{FAE04EC0-301F-11D3-BF4B-00C04F79EFBC}") = "UKFlag", "UKFlag\UKFlag.csproj", "{6D6C54A9-608D-4CC1-A6FF-5C45C2CF5A3A}"
EndProject
Project("{FAE04EC0-301F-11D3-BF4B-00C04F79EFBC}") = "AngryBits", "AngryBits\AngryBits.csproj", "{512728F8-270C-45FD-9FCE-19217B17D446}"
EndProject
Project("{FAE04EC0-301F-11D3-BF4B-00C04F79EFBC}") = "Bittris", "Bittris\Bittris.csproj", "{94E6A8B7-094E-4EB7-824C-F4E48254908E}"
EndProject
Project("{FAE04EC0-301F-11D3-BF4B-00C04F79EFBC}") = "BatGoikoTower", "BatGoikoTower\BatGoikoTower.csproj", "{0A394823-D77D-4253-A2C4-B3B54C7EDAA6}"
EndProject
Project("{FAE04EC0-301F-11D3-BF4B-00C04F79EFBC}") = "CardWarsBatka", "CardWarsBatka\CardWarsBatka.csproj", "{34E09B54-A31F-4B48-A1CC-CAFD1D335A0D}"
EndProject
Project("{FAE04EC0-301F-11D3-BF4B-00C04F79EFBC}") = "SecretsofNumbers", "TheSecretsofNumbers\SecretsofNumbers.csproj", "{45DF1883-E70D-460F-A4D3-62B4D21EC347}"
EndProject
Project("{FAE04EC0-301F-11D3-BF4B-00C04F79EFBC}") = "Garden", "..\..\..\..\..\..\..\Desktop\Programming\01. C# част 1\8. PractiseExamPart1\Garden\Garden.csproj", "{2151A1C5-E259-435F-BEF6-FA25490A546B}"
EndProject
Project("{FAE04EC0-301F-11D3-BF4B-00C04F79EFBC}") = "CoffeeVendingMachine", "CoffeeVendingMachine\CoffeeVendingMachine.csproj", "{D367A659-AACA-4BA5-B036-542624313A46}"
EndProject
Project("{FAE04EC0-301F-11D3-BF4B-00C04F79EFBC}") = "DrunkenNumbers", "DrunkenNumbers\DrunkenNumbers.csproj", "{82B2C8C9-1FFC-4AD8-8E56-4BC2DEAFB054}"
EndProject
Project("{FAE04EC0-301F-11D3-BF4B-00C04F79EFBC}") = "Fire", "Fire\Fire.csproj", "{8DC9E986-E639-4A31-BA6F-4C5F43A92BE8}"
EndProject
Project("{FAE04EC0-301F-11D3-BF4B-00C04F79EFBC}") = "BullsAndCows", "BullsAndCows\BullsAndCows.csproj", "{7DAFE346-6191-4707-9D0A-9460F603AFDF}"
EndProject
Global
	GlobalSection(SolutionConfigurationPlatforms) = preSolution
		Debug|Any CPU = Debug|Any CPU
		Release|Any CPU = Release|Any CPU
	EndGlobalSection
	GlobalSection(ProjectConfigurationPlatforms) = postSolution
		{E2AFCB08-49CB-43B7-8133-A962898B7B1E}.Debug|Any CPU.ActiveCfg = Debug|Any CPU
		{E2AFCB08-49CB-43B7-8133-A962898B7B1E}.Debug|Any CPU.Build.0 = Debug|Any CPU
		{E2AFCB08-49CB-43B7-8133-A962898B7B1E}.Release|Any CPU.ActiveCfg = Release|Any CPU
		{E2AFCB08-49CB-43B7-8133-A962898B7B1E}.Release|Any CPU.Build.0 = Release|Any CPU
		{123C02B1-1254-48A9-B5A7-BBA9E320B5D6}.Debug|Any CPU.ActiveCfg = Debug|Any CPU
		{123C02B1-1254-48A9-B5A7-BBA9E320B5D6}.Debug|Any CPU.Build.0 = Debug|Any CPU
		{123C02B1-1254-48A9-B5A7-BBA9E320B5D6}.Release|Any CPU.ActiveCfg = Release|Any CPU
		{123C02B1-1254-48A9-B5A7-BBA9E320B5D6}.Release|Any CPU.Build.0 = Release|Any CPU
		{6074BAB5-BEAA-4689-AD6F-F6EBDA098578}.Debug|Any CPU.ActiveCfg = Debug|Any CPU
		{6074BAB5-BEAA-4689-AD6F-F6EBDA098578}.Debug|Any CPU.Build.0 = Debug|Any CPU
		{6074BAB5-BEAA-4689-AD6F-F6EBDA098578}.Release|Any CPU.ActiveCfg = Release|Any CPU
		{6074BAB5-BEAA-4689-AD6F-F6EBDA098578}.Release|Any CPU.Build.0 = Release|Any CPU
		{705BBF64-A3C5-4810-A881-6E8016058A36}.Debug|Any CPU.ActiveCfg = Debug|Any CPU
		{705BBF64-A3C5-4810-A881-6E8016058A36}.Debug|Any CPU.Build.0 = Debug|Any CPU
		{705BBF64-A3C5-4810-A881-6E8016058A36}.Release|Any CPU.ActiveCfg = Release|Any CPU
		{705BBF64-A3C5-4810-A881-6E8016058A36}.Release|Any CPU.Build.0 = Release|Any CPU
		{B203C6F2-ABED-49CE-B7D0-FFF5660E7DE6}.Debug|Any CPU.ActiveCfg = Debug|Any CPU
		{B203C6F2-ABED-49CE-B7D0-FFF5660E7DE6}.Debug|Any CPU.Build.0 = Debug|Any CPU
		{B203C6F2-ABED-49CE-B7D0-FFF5660E7DE6}.Release|Any CPU.ActiveCfg = Release|Any CPU
		{B203C6F2-ABED-49CE-B7D0-FFF5660E7DE6}.Release|Any CPU.Build.0 = Release|Any CPU
		{C4C9F785-1761-40FB-9FFA-8E8FA30B8E9E}.Debug|Any CPU.ActiveCfg = Debug|Any CPU
		{C4C9F785-1761-40FB-9FFA-8E8FA30B8E9E}.Debug|Any CPU.Build.0 = Debug|Any CPU
		{C4C9F785-1761-40FB-9FFA-8E8FA30B8E9E}.Release|Any CPU.ActiveCfg = Release|Any CPU
		{C4C9F785-1761-40FB-9FFA-8E8FA30B8E9E}.Release|Any CPU.Build.0 = Release|Any CPU
		{B73B61F1-D23C-4F29-AEA8-FF4C274E6751}.Debug|Any CPU.ActiveCfg = Debug|Any CPU
		{B73B61F1-D23C-4F29-AEA8-FF4C274E6751}.Debug|Any CPU.Build.0 = Debug|Any CPU
		{B73B61F1-D23C-4F29-AEA8-FF4C274E6751}.Release|Any CPU.ActiveCfg = Release|Any CPU
		{B73B61F1-D23C-4F29-AEA8-FF4C274E6751}.Release|Any CPU.Build.0 = Release|Any CPU
		{4D003F0C-503C-48A4-9030-DD98486ECAAA}.Debug|Any CPU.ActiveCfg = Debug|Any CPU
		{4D003F0C-503C-48A4-9030-DD98486ECAAA}.Debug|Any CPU.Build.0 = Debug|Any CPU
		{4D003F0C-503C-48A4-9030-DD98486ECAAA}.Release|Any CPU.ActiveCfg = Release|Any CPU
		{4D003F0C-503C-48A4-9030-DD98486ECAAA}.Release|Any CPU.Build.0 = Release|Any CPU
		{BCA819F5-293F-486A-B763-35B882A74856}.Debug|Any CPU.ActiveCfg = Debug|Any CPU
		{BCA819F5-293F-486A-B763-35B882A74856}.Debug|Any CPU.Build.0 = Debug|Any CPU
		{BCA819F5-293F-486A-B763-35B882A74856}.Release|Any CPU.ActiveCfg = Release|Any CPU
		{BCA819F5-293F-486A-B763-35B882A74856}.Release|Any CPU.Build.0 = Release|Any CPU
		{816A396B-C90B-4A19-B446-13EE7A7A9EDA}.Debug|Any CPU.ActiveCfg = Debug|Any CPU
		{816A396B-C90B-4A19-B446-13EE7A7A9EDA}.Debug|Any CPU.Build.0 = Debug|Any CPU
		{816A396B-C90B-4A19-B446-13EE7A7A9EDA}.Release|Any CPU.ActiveCfg = Release|Any CPU
		{816A396B-C90B-4A19-B446-13EE7A7A9EDA}.Release|Any CPU.Build.0 = Release|Any CPU
		{58512ACB-050E-4EB9-8F7E-89FEB9B0C963}.Debug|Any CPU.ActiveCfg = Debug|Any CPU
		{58512ACB-050E-4EB9-8F7E-89FEB9B0C963}.Debug|Any CPU.Build.0 = Debug|Any CPU
		{58512ACB-050E-4EB9-8F7E-89FEB9B0C963}.Release|Any CPU.ActiveCfg = Release|Any CPU
		{58512ACB-050E-4EB9-8F7E-89FEB9B0C963}.Release|Any CPU.Build.0 = Release|Any CPU
		{60227BCD-E752-4CD4-99AA-BC3051BB39DD}.Debug|Any CPU.ActiveCfg = Debug|Any CPU
		{60227BCD-E752-4CD4-99AA-BC3051BB39DD}.Debug|Any CPU.Build.0 = Debug|Any CPU
		{60227BCD-E752-4CD4-99AA-BC3051BB39DD}.Release|Any CPU.ActiveCfg = Release|Any CPU
		{60227BCD-E752-4CD4-99AA-BC3051BB39DD}.Release|Any CPU.Build.0 = Release|Any CPU
		{F9DB0271-2194-4F8B-8443-17E90D76A781}.Debug|Any CPU.ActiveCfg = Debug|Any CPU
		{F9DB0271-2194-4F8B-8443-17E90D76A781}.Debug|Any CPU.Build.0 = Debug|Any CPU
		{F9DB0271-2194-4F8B-8443-17E90D76A781}.Release|Any CPU.ActiveCfg = Release|Any CPU
		{F9DB0271-2194-4F8B-8443-17E90D76A781}.Release|Any CPU.Build.0 = Release|Any CPU
		{1B343BCA-BD1D-4410-BE96-3A2413BFEE4E}.Debug|Any CPU.ActiveCfg = Debug|Any CPU
		{1B343BCA-BD1D-4410-BE96-3A2413BFEE4E}.Debug|Any CPU.Build.0 = Debug|Any CPU
		{1B343BCA-BD1D-4410-BE96-3A2413BFEE4E}.Release|Any CPU.ActiveCfg = Release|Any CPU
		{1B343BCA-BD1D-4410-BE96-3A2413BFEE4E}.Release|Any CPU.Build.0 = Release|Any CPU
		{5148F557-AFE3-43C6-8817-3BB282B24087}.Debug|Any CPU.ActiveCfg = Debug|Any CPU
		{5148F557-AFE3-43C6-8817-3BB282B24087}.Debug|Any CPU.Build.0 = Debug|Any CPU
		{5148F557-AFE3-43C6-8817-3BB282B24087}.Release|Any CPU.ActiveCfg = Release|Any CPU
		{5148F557-AFE3-43C6-8817-3BB282B24087}.Release|Any CPU.Build.0 = Release|Any CPU
		{CFC43906-85C6-4FA1-B252-78647B201453}.Debug|Any CPU.ActiveCfg = Debug|Any CPU
		{CFC43906-85C6-4FA1-B252-78647B201453}.Debug|Any CPU.Build.0 = Debug|Any CPU
		{CFC43906-85C6-4FA1-B252-78647B201453}.Release|Any CPU.ActiveCfg = Release|Any CPU
		{CFC43906-85C6-4FA1-B252-78647B201453}.Release|Any CPU.Build.0 = Release|Any CPU
		{B5A6B535-8627-4C1E-8035-A6693490B3A3}.Debug|Any CPU.ActiveCfg = Debug|Any CPU
		{B5A6B535-8627-4C1E-8035-A6693490B3A3}.Debug|Any CPU.Build.0 = Debug|Any CPU
		{B5A6B535-8627-4C1E-8035-A6693490B3A3}.Release|Any CPU.ActiveCfg = Release|Any CPU
		{B5A6B535-8627-4C1E-8035-A6693490B3A3}.Release|Any CPU.Build.0 = Release|Any CPU
		{9F5157B0-3842-4678-8062-F9AF785AFE7B}.Debug|Any CPU.ActiveCfg = Debug|Any CPU
		{9F5157B0-3842-4678-8062-F9AF785AFE7B}.Debug|Any CPU.Build.0 = Debug|Any CPU
		{9F5157B0-3842-4678-8062-F9AF785AFE7B}.Release|Any CPU.ActiveCfg = Release|Any CPU
		{9F5157B0-3842-4678-8062-F9AF785AFE7B}.Release|Any CPU.Build.0 = Release|Any CPU
		{7A22DE79-C694-4375-841E-9AAD0FCA908E}.Debug|Any CPU.ActiveCfg = Debug|Any CPU
		{7A22DE79-C694-4375-841E-9AAD0FCA908E}.Debug|Any CPU.Build.0 = Debug|Any CPU
		{7A22DE79-C694-4375-841E-9AAD0FCA908E}.Release|Any CPU.ActiveCfg = Release|Any CPU
		{7A22DE79-C694-4375-841E-9AAD0FCA908E}.Release|Any CPU.Build.0 = Release|Any CPU
		{23D90D72-EF5B-4634-8B57-8ABFC564BB91}.Debug|Any CPU.ActiveCfg = Debug|Any CPU
		{23D90D72-EF5B-4634-8B57-8ABFC564BB91}.Debug|Any CPU.Build.0 = Debug|Any CPU
		{23D90D72-EF5B-4634-8B57-8ABFC564BB91}.Release|Any CPU.ActiveCfg = Release|Any CPU
		{23D90D72-EF5B-4634-8B57-8ABFC564BB91}.Release|Any CPU.Build.0 = Release|Any CPU
		{5312231F-DFC5-49A6-82F2-1F682F506DC4}.Debug|Any CPU.ActiveCfg = Debug|Any CPU
		{5312231F-DFC5-49A6-82F2-1F682F506DC4}.Debug|Any CPU.Build.0 = Debug|Any CPU
		{5312231F-DFC5-49A6-82F2-1F682F506DC4}.Release|Any CPU.ActiveCfg = Release|Any CPU
		{5312231F-DFC5-49A6-82F2-1F682F506DC4}.Release|Any CPU.Build.0 = Release|Any CPU
		{015B679F-59B6-4E3D-AC02-E1AC70016BED}.Debug|Any CPU.ActiveCfg = Debug|Any CPU
		{015B679F-59B6-4E3D-AC02-E1AC70016BED}.Debug|Any CPU.Build.0 = Debug|Any CPU
		{015B679F-59B6-4E3D-AC02-E1AC70016BED}.Release|Any CPU.ActiveCfg = Release|Any CPU
		{015B679F-59B6-4E3D-AC02-E1AC70016BED}.Release|Any CPU.Build.0 = Release|Any CPU
		{CCE21C60-21D8-4FA0-8D6F-4884E8A35190}.Debug|Any CPU.ActiveCfg = Debug|Any CPU
		{CCE21C60-21D8-4FA0-8D6F-4884E8A35190}.Debug|Any CPU.Build.0 = Debug|Any CPU
		{CCE21C60-21D8-4FA0-8D6F-4884E8A35190}.Release|Any CPU.ActiveCfg = Release|Any CPU
		{CCE21C60-21D8-4FA0-8D6F-4884E8A35190}.Release|Any CPU.Build.0 = Release|Any CPU
		{DA3509CD-5517-49D6-97CB-BB16E1264B12}.Debug|Any CPU.ActiveCfg = Debug|Any CPU
		{DA3509CD-5517-49D6-97CB-BB16E1264B12}.Debug|Any CPU.Build.0 = Debug|Any CPU
		{DA3509CD-5517-49D6-97CB-BB16E1264B12}.Release|Any CPU.ActiveCfg = Release|Any CPU
		{DA3509CD-5517-49D6-97CB-BB16E1264B12}.Release|Any CPU.Build.0 = Release|Any CPU
		{54608705-7918-42BB-BD55-64740493DAF6}.Debug|Any CPU.ActiveCfg = Debug|Any CPU
		{54608705-7918-42BB-BD55-64740493DAF6}.Debug|Any CPU.Build.0 = Debug|Any CPU
		{54608705-7918-42BB-BD55-64740493DAF6}.Release|Any CPU.ActiveCfg = Release|Any CPU
		{54608705-7918-42BB-BD55-64740493DAF6}.Release|Any CPU.Build.0 = Release|Any CPU
		{CAE61085-8D60-44E8-9B16-20A851FBC481}.Debug|Any CPU.ActiveCfg = Debug|Any CPU
		{CAE61085-8D60-44E8-9B16-20A851FBC481}.Debug|Any CPU.Build.0 = Debug|Any CPU
		{CAE61085-8D60-44E8-9B16-20A851FBC481}.Release|Any CPU.ActiveCfg = Release|Any CPU
		{CAE61085-8D60-44E8-9B16-20A851FBC481}.Release|Any CPU.Build.0 = Release|Any CPU
		{8CDDB01A-3C6D-44FE-A94E-D00C611AB64D}.Debug|Any CPU.ActiveCfg = Debug|Any CPU
		{8CDDB01A-3C6D-44FE-A94E-D00C611AB64D}.Debug|Any CPU.Build.0 = Debug|Any CPU
		{8CDDB01A-3C6D-44FE-A94E-D00C611AB64D}.Release|Any CPU.ActiveCfg = Release|Any CPU
		{8CDDB01A-3C6D-44FE-A94E-D00C611AB64D}.Release|Any CPU.Build.0 = Release|Any CPU
		{210DBA1C-B20F-4FD6-AF50-25E7CC015942}.Debug|Any CPU.ActiveCfg = Debug|Any CPU
		{210DBA1C-B20F-4FD6-AF50-25E7CC015942}.Debug|Any CPU.Build.0 = Debug|Any CPU
		{210DBA1C-B20F-4FD6-AF50-25E7CC015942}.Release|Any CPU.ActiveCfg = Release|Any CPU
		{210DBA1C-B20F-4FD6-AF50-25E7CC015942}.Release|Any CPU.Build.0 = Release|Any CPU
		{6AC31089-779C-4C7C-A8DE-A950B6D029FB}.Debug|Any CPU.ActiveCfg = Debug|Any CPU
		{6AC31089-779C-4C7C-A8DE-A950B6D029FB}.Debug|Any CPU.Build.0 = Debug|Any CPU
		{6AC31089-779C-4C7C-A8DE-A950B6D029FB}.Release|Any CPU.ActiveCfg = Release|Any CPU
		{6AC31089-779C-4C7C-A8DE-A950B6D029FB}.Release|Any CPU.Build.0 = Release|Any CPU
		{978802EA-9F47-4465-93E2-73A01B2AE862}.Debug|Any CPU.ActiveCfg = Debug|Any CPU
		{978802EA-9F47-4465-93E2-73A01B2AE862}.Debug|Any CPU.Build.0 = Debug|Any CPU
		{978802EA-9F47-4465-93E2-73A01B2AE862}.Release|Any CPU.ActiveCfg = Release|Any CPU
		{978802EA-9F47-4465-93E2-73A01B2AE862}.Release|Any CPU.Build.0 = Release|Any CPU
		{1E47120F-D386-4870-B801-38466612A1AD}.Debug|Any CPU.ActiveCfg = Debug|Any CPU
		{1E47120F-D386-4870-B801-38466612A1AD}.Debug|Any CPU.Build.0 = Debug|Any CPU
		{1E47120F-D386-4870-B801-38466612A1AD}.Release|Any CPU.ActiveCfg = Release|Any CPU
		{1E47120F-D386-4870-B801-38466612A1AD}.Release|Any CPU.Build.0 = Release|Any CPU
		{406AEC6E-3BBA-4B33-B8D6-7DAB4F14E085}.Debug|Any CPU.ActiveCfg = Debug|Any CPU
		{406AEC6E-3BBA-4B33-B8D6-7DAB4F14E085}.Debug|Any CPU.Build.0 = Debug|Any CPU
		{406AEC6E-3BBA-4B33-B8D6-7DAB4F14E085}.Release|Any CPU.ActiveCfg = Release|Any CPU
		{406AEC6E-3BBA-4B33-B8D6-7DAB4F14E085}.Release|Any CPU.Build.0 = Release|Any CPU
		{2A436FBE-356A-41AE-B89C-DF6FDC6854CD}.Debug|Any CPU.ActiveCfg = Debug|Any CPU
		{2A436FBE-356A-41AE-B89C-DF6FDC6854CD}.Debug|Any CPU.Build.0 = Debug|Any CPU
		{2A436FBE-356A-41AE-B89C-DF6FDC6854CD}.Release|Any CPU.ActiveCfg = Release|Any CPU
		{2A436FBE-356A-41AE-B89C-DF6FDC6854CD}.Release|Any CPU.Build.0 = Release|Any CPU
		{6D6C54A9-608D-4CC1-A6FF-5C45C2CF5A3A}.Debug|Any CPU.ActiveCfg = Debug|Any CPU
		{6D6C54A9-608D-4CC1-A6FF-5C45C2CF5A3A}.Debug|Any CPU.Build.0 = Debug|Any CPU
		{6D6C54A9-608D-4CC1-A6FF-5C45C2CF5A3A}.Release|Any CPU.ActiveCfg = Release|Any CPU
		{6D6C54A9-608D-4CC1-A6FF-5C45C2CF5A3A}.Release|Any CPU.Build.0 = Release|Any CPU
		{512728F8-270C-45FD-9FCE-19217B17D446}.Debug|Any CPU.ActiveCfg = Debug|Any CPU
		{512728F8-270C-45FD-9FCE-19217B17D446}.Debug|Any CPU.Build.0 = Debug|Any CPU
		{512728F8-270C-45FD-9FCE-19217B17D446}.Release|Any CPU.ActiveCfg = Release|Any CPU
		{512728F8-270C-45FD-9FCE-19217B17D446}.Release|Any CPU.Build.0 = Release|Any CPU
		{94E6A8B7-094E-4EB7-824C-F4E48254908E}.Debug|Any CPU.ActiveCfg = Debug|Any CPU
		{94E6A8B7-094E-4EB7-824C-F4E48254908E}.Debug|Any CPU.Build.0 = Debug|Any CPU
		{94E6A8B7-094E-4EB7-824C-F4E48254908E}.Release|Any CPU.ActiveCfg = Release|Any CPU
		{94E6A8B7-094E-4EB7-824C-F4E48254908E}.Release|Any CPU.Build.0 = Release|Any CPU
		{0A394823-D77D-4253-A2C4-B3B54C7EDAA6}.Debug|Any CPU.ActiveCfg = Debug|Any CPU
		{0A394823-D77D-4253-A2C4-B3B54C7EDAA6}.Debug|Any CPU.Build.0 = Debug|Any CPU
		{0A394823-D77D-4253-A2C4-B3B54C7EDAA6}.Release|Any CPU.ActiveCfg = Release|Any CPU
		{0A394823-D77D-4253-A2C4-B3B54C7EDAA6}.Release|Any CPU.Build.0 = Release|Any CPU
		{34E09B54-A31F-4B48-A1CC-CAFD1D335A0D}.Debug|Any CPU.ActiveCfg = Debug|Any CPU
		{34E09B54-A31F-4B48-A1CC-CAFD1D335A0D}.Debug|Any CPU.Build.0 = Debug|Any CPU
		{34E09B54-A31F-4B48-A1CC-CAFD1D335A0D}.Release|Any CPU.ActiveCfg = Release|Any CPU
		{34E09B54-A31F-4B48-A1CC-CAFD1D335A0D}.Release|Any CPU.Build.0 = Release|Any CPU
		{45DF1883-E70D-460F-A4D3-62B4D21EC347}.Debug|Any CPU.ActiveCfg = Debug|Any CPU
		{45DF1883-E70D-460F-A4D3-62B4D21EC347}.Debug|Any CPU.Build.0 = Debug|Any CPU
		{45DF1883-E70D-460F-A4D3-62B4D21EC347}.Release|Any CPU.ActiveCfg = Release|Any CPU
		{45DF1883-E70D-460F-A4D3-62B4D21EC347}.Release|Any CPU.Build.0 = Release|Any CPU
		{2151A1C5-E259-435F-BEF6-FA25490A546B}.Debug|Any CPU.ActiveCfg = Debug|Any CPU
		{2151A1C5-E259-435F-BEF6-FA25490A546B}.Debug|Any CPU.Build.0 = Debug|Any CPU
		{2151A1C5-E259-435F-BEF6-FA25490A546B}.Release|Any CPU.ActiveCfg = Release|Any CPU
		{2151A1C5-E259-435F-BEF6-FA25490A546B}.Release|Any CPU.Build.0 = Release|Any CPU
		{D367A659-AACA-4BA5-B036-542624313A46}.Debug|Any CPU.ActiveCfg = Debug|Any CPU
		{D367A659-AACA-4BA5-B036-542624313A46}.Debug|Any CPU.Build.0 = Debug|Any CPU
		{D367A659-AACA-4BA5-B036-542624313A46}.Release|Any CPU.ActiveCfg = Release|Any CPU
		{D367A659-AACA-4BA5-B036-542624313A46}.Release|Any CPU.Build.0 = Release|Any CPU
		{82B2C8C9-1FFC-4AD8-8E56-4BC2DEAFB054}.Debug|Any CPU.ActiveCfg = Debug|Any CPU
		{82B2C8C9-1FFC-4AD8-8E56-4BC2DEAFB054}.Debug|Any CPU.Build.0 = Debug|Any CPU
		{82B2C8C9-1FFC-4AD8-8E56-4BC2DEAFB054}.Release|Any CPU.ActiveCfg = Release|Any CPU
		{82B2C8C9-1FFC-4AD8-8E56-4BC2DEAFB054}.Release|Any CPU.Build.0 = Release|Any CPU
		{8DC9E986-E639-4A31-BA6F-4C5F43A92BE8}.Debug|Any CPU.ActiveCfg = Debug|Any CPU
		{8DC9E986-E639-4A31-BA6F-4C5F43A92BE8}.Debug|Any CPU.Build.0 = Debug|Any CPU
		{8DC9E986-E639-4A31-BA6F-4C5F43A92BE8}.Release|Any CPU.ActiveCfg = Release|Any CPU
		{8DC9E986-E639-4A31-BA6F-4C5F43A92BE8}.Release|Any CPU.Build.0 = Release|Any CPU
		{7DAFE346-6191-4707-9D0A-9460F603AFDF}.Debug|Any CPU.ActiveCfg = Debug|Any CPU
		{7DAFE346-6191-4707-9D0A-9460F603AFDF}.Debug|Any CPU.Build.0 = Debug|Any CPU
		{7DAFE346-6191-4707-9D0A-9460F603AFDF}.Release|Any CPU.ActiveCfg = Release|Any CPU
		{7DAFE346-6191-4707-9D0A-9460F603AFDF}.Release|Any CPU.Build.0 = Release|Any CPU
	EndGlobalSection
	GlobalSection(SolutionProperties) = preSolution
		HideSolutionNode = FALSE
	EndGlobalSection
EndGlobal
