
Microsoft Visual Studio Solution File, Format Version 12.00
# Visual Studio 2013
VisualStudioVersion = 12.0.20617.1 PREVIEW
MinimumVisualStudioVersion = 10.0.40219.1
Project("{FAE04EC0-301F-11D3-BF4B-00C04F79EFBC}") = "01.Shapes", "01.Shapes\01.Shapes.csproj", "{ABA4CCE1-BDD4-4C35-B8C6-79BF244DF070}"
EndProject
Project("{FAE04EC0-301F-11D3-BF4B-00C04F79EFBC}") = "02.Bank", "02.Bank\02.Bank.csproj", "{9304037E-FFB5-4563-9BF0-B669B18E6BD9}"
EndProject
Project("{FAE04EC0-301F-11D3-BF4B-00C04F79EFBC}") = "03.InvalidRangeException", "03.InvalidRangeException\03.InvalidRangeException.csproj", "{5036D26B-53CF-4369-BA7C-BA6729568768}"
EndProject
Global
	GlobalSection(SolutionConfigurationPlatforms) = preSolution
		Debug|Any CPU = Debug|Any CPU
		Release|Any CPU = Release|Any CPU
	EndGlobalSection
	GlobalSection(ProjectConfigurationPlatforms) = postSolution
		{ABA4CCE1-BDD4-4C35-B8C6-79BF244DF070}.Debug|Any CPU.ActiveCfg = Debug|Any CPU
		{ABA4CCE1-BDD4-4C35-B8C6-79BF244DF070}.Debug|Any CPU.Build.0 = Debug|Any CPU
		{ABA4CCE1-BDD4-4C35-B8C6-79BF244DF070}.Release|Any CPU.ActiveCfg = Release|Any CPU
		{ABA4CCE1-BDD4-4C35-B8C6-79BF244DF070}.Release|Any CPU.Build.0 = Release|Any CPU
		{9304037E-FFB5-4563-9BF0-B669B18E6BD9}.Debug|Any CPU.ActiveCfg = Debug|Any CPU
		{9304037E-FFB5-4563-9BF0-B669B18E6BD9}.Debug|Any CPU.Build.0 = Debug|Any CPU
		{9304037E-FFB5-4563-9BF0-B669B18E6BD9}.Release|Any CPU.ActiveCfg = Release|Any CPU
		{9304037E-FFB5-4563-9BF0-B669B18E6BD9}.Release|Any CPU.Build.0 = Release|Any CPU
		{5036D26B-53CF-4369-BA7C-BA6729568768}.Debug|Any CPU.ActiveCfg = Debug|Any CPU
		{5036D26B-53CF-4369-BA7C-BA6729568768}.Debug|Any CPU.Build.0 = Debug|Any CPU
		{5036D26B-53CF-4369-BA7C-BA6729568768}.Release|Any CPU.ActiveCfg = Release|Any CPU
		{5036D26B-53CF-4369-BA7C-BA6729568768}.Release|Any CPU.Build.0 = Release|Any CPU
	EndGlobalSection
	GlobalSection(SolutionProperties) = preSolution
		HideSolutionNode = FALSE
	EndGlobalSection
EndGlobal
