
Microsoft Visual Studio Solution File, Format Version 12.00
# Visual Studio 2012
Project("{FAE04EC0-301F-11D3-BF4B-00C04F79EFBC}") = "1. PrintNumbersFromOneToN", "1. PrintNumbersFromOneToN\1. PrintNumbersFromOneToN.csproj", "{58162E77-4F28-4BCC-A7CE-3C257324A003}"
EndProject
Project("{FAE04EC0-301F-11D3-BF4B-00C04F79EFBC}") = "2. PrintNumbersNotDivisibleBy3And7", "2. PrintNumbersNotDivisibleBy3And7\2. PrintNumbersNotDivisibleBy3And7.csproj", "{3FC0D387-9CFB-4950-A396-A54DCB1B077A}"
EndProject
Project("{FAE04EC0-301F-11D3-BF4B-00C04F79EFBC}") = "3. PrintMinAndMaxOfSequence", "3. PrintMinAndMaxOfSequence\3. PrintMinAndMaxOfSequence.csproj", "{D65E9EF1-1FAD-49FB-8F63-6250ADECBA85}"
EndProject
Project("{FAE04EC0-301F-11D3-BF4B-00C04F79EFBC}") = "4. DivideFactorials", "4. DevideFactorials\4. DivideFactorials.csproj", "{8104F82D-ABD4-4609-97C4-5D4568B93407}"
EndProject
Project("{FAE04EC0-301F-11D3-BF4B-00C04F79EFBC}") = "5. MultiplyAndDivideFactorials", "5. MultiplyAndDivideFactorials\5. MultiplyAndDivideFactorials.csproj", "{7A470440-4C42-44EE-9C55-E2C59E8CAC5C}"
EndProject
Project("{FAE04EC0-301F-11D3-BF4B-00C04F79EFBC}") = "6. CalcSumOfGivenSequence", "6. CalsSumOfGivenSequence\6. CalcSumOfGivenSequence.csproj", "{DE0F97E4-7226-4D2B-9C23-EFF4623D6A02}"
EndProject
Project("{FAE04EC0-301F-11D3-BF4B-00C04F79EFBC}") = "7. SumOfFibonacci", "7. SumOfFibonacci\7. SumOfFibonacci.csproj", "{A16E05DC-08CC-4963-A413-9812F3835CD7}"
EndProject
Project("{FAE04EC0-301F-11D3-BF4B-00C04F79EFBC}") = "8. GreatestCommonDivisorEuclidAlgorithm", "8. GreatestCommonDivisorEuclidAlgorithm\8. GreatestCommonDivisorEuclidAlgorithm.csproj", "{3755CB86-A025-4660-860A-FCD34B47ABE1}"
EndProject
Project("{FAE04EC0-301F-11D3-BF4B-00C04F79EFBC}") = "10. CalcCatalanNumber", "10. CalcCatalanNumber\10. CalcCatalanNumber.csproj", "{19C37C8C-6D87-4062-8F4B-0D49356EFB0B}"
EndProject
Project("{FAE04EC0-301F-11D3-BF4B-00C04F79EFBC}") = "11. PrintNamesOfCardsDeck", "11. PrintNamesOfCardsDeck\11. PrintNamesOfCardsDeck.csproj", "{DF085B7F-21C6-4E84-A93E-E1CE0EDAE8C9}"
EndProject
Project("{FAE04EC0-301F-11D3-BF4B-00C04F79EFBC}") = "12. PrintMatrix", "12. PrintMatrix\12. PrintMatrix.csproj", "{30328CEC-C99D-49A9-BB6A-D071C6029D23}"
EndProject
Project("{FAE04EC0-301F-11D3-BF4B-00C04F79EFBC}") = "13. FindTralingZerosInFactorial", "13. FindTralingZerosInFactorial\13. FindTralingZerosInFactorial.csproj", "{C7F32DAC-FF2F-43C3-8730-837FEA885659}"
EndProject
Global
	GlobalSection(SolutionConfigurationPlatforms) = preSolution
		Debug|Any CPU = Debug|Any CPU
		Release|Any CPU = Release|Any CPU
	EndGlobalSection
	GlobalSection(ProjectConfigurationPlatforms) = postSolution
		{58162E77-4F28-4BCC-A7CE-3C257324A003}.Debug|Any CPU.ActiveCfg = Debug|Any CPU
		{58162E77-4F28-4BCC-A7CE-3C257324A003}.Debug|Any CPU.Build.0 = Debug|Any CPU
		{58162E77-4F28-4BCC-A7CE-3C257324A003}.Release|Any CPU.ActiveCfg = Release|Any CPU
		{58162E77-4F28-4BCC-A7CE-3C257324A003}.Release|Any CPU.Build.0 = Release|Any CPU
		{3FC0D387-9CFB-4950-A396-A54DCB1B077A}.Debug|Any CPU.ActiveCfg = Debug|Any CPU
		{3FC0D387-9CFB-4950-A396-A54DCB1B077A}.Debug|Any CPU.Build.0 = Debug|Any CPU
		{3FC0D387-9CFB-4950-A396-A54DCB1B077A}.Release|Any CPU.ActiveCfg = Release|Any CPU
		{3FC0D387-9CFB-4950-A396-A54DCB1B077A}.Release|Any CPU.Build.0 = Release|Any CPU
		{D65E9EF1-1FAD-49FB-8F63-6250ADECBA85}.Debug|Any CPU.ActiveCfg = Debug|Any CPU
		{D65E9EF1-1FAD-49FB-8F63-6250ADECBA85}.Debug|Any CPU.Build.0 = Debug|Any CPU
		{D65E9EF1-1FAD-49FB-8F63-6250ADECBA85}.Release|Any CPU.ActiveCfg = Release|Any CPU
		{D65E9EF1-1FAD-49FB-8F63-6250ADECBA85}.Release|Any CPU.Build.0 = Release|Any CPU
		{8104F82D-ABD4-4609-97C4-5D4568B93407}.Debug|Any CPU.ActiveCfg = Debug|Any CPU
		{8104F82D-ABD4-4609-97C4-5D4568B93407}.Debug|Any CPU.Build.0 = Debug|Any CPU
		{8104F82D-ABD4-4609-97C4-5D4568B93407}.Release|Any CPU.ActiveCfg = Release|Any CPU
		{8104F82D-ABD4-4609-97C4-5D4568B93407}.Release|Any CPU.Build.0 = Release|Any CPU
		{7A470440-4C42-44EE-9C55-E2C59E8CAC5C}.Debug|Any CPU.ActiveCfg = Debug|Any CPU
		{7A470440-4C42-44EE-9C55-E2C59E8CAC5C}.Debug|Any CPU.Build.0 = Debug|Any CPU
		{7A470440-4C42-44EE-9C55-E2C59E8CAC5C}.Release|Any CPU.ActiveCfg = Release|Any CPU
		{7A470440-4C42-44EE-9C55-E2C59E8CAC5C}.Release|Any CPU.Build.0 = Release|Any CPU
		{DE0F97E4-7226-4D2B-9C23-EFF4623D6A02}.Debug|Any CPU.ActiveCfg = Debug|Any CPU
		{DE0F97E4-7226-4D2B-9C23-EFF4623D6A02}.Debug|Any CPU.Build.0 = Debug|Any CPU
		{DE0F97E4-7226-4D2B-9C23-EFF4623D6A02}.Release|Any CPU.ActiveCfg = Release|Any CPU
		{DE0F97E4-7226-4D2B-9C23-EFF4623D6A02}.Release|Any CPU.Build.0 = Release|Any CPU
		{A16E05DC-08CC-4963-A413-9812F3835CD7}.Debug|Any CPU.ActiveCfg = Debug|Any CPU
		{A16E05DC-08CC-4963-A413-9812F3835CD7}.Debug|Any CPU.Build.0 = Debug|Any CPU
		{A16E05DC-08CC-4963-A413-9812F3835CD7}.Release|Any CPU.ActiveCfg = Release|Any CPU
		{A16E05DC-08CC-4963-A413-9812F3835CD7}.Release|Any CPU.Build.0 = Release|Any CPU
		{3755CB86-A025-4660-860A-FCD34B47ABE1}.Debug|Any CPU.ActiveCfg = Debug|Any CPU
		{3755CB86-A025-4660-860A-FCD34B47ABE1}.Debug|Any CPU.Build.0 = Debug|Any CPU
		{3755CB86-A025-4660-860A-FCD34B47ABE1}.Release|Any CPU.ActiveCfg = Release|Any CPU
		{3755CB86-A025-4660-860A-FCD34B47ABE1}.Release|Any CPU.Build.0 = Release|Any CPU
		{19C37C8C-6D87-4062-8F4B-0D49356EFB0B}.Debug|Any CPU.ActiveCfg = Debug|Any CPU
		{19C37C8C-6D87-4062-8F4B-0D49356EFB0B}.Debug|Any CPU.Build.0 = Debug|Any CPU
		{19C37C8C-6D87-4062-8F4B-0D49356EFB0B}.Release|Any CPU.ActiveCfg = Release|Any CPU
		{19C37C8C-6D87-4062-8F4B-0D49356EFB0B}.Release|Any CPU.Build.0 = Release|Any CPU
		{DF085B7F-21C6-4E84-A93E-E1CE0EDAE8C9}.Debug|Any CPU.ActiveCfg = Debug|Any CPU
		{DF085B7F-21C6-4E84-A93E-E1CE0EDAE8C9}.Debug|Any CPU.Build.0 = Debug|Any CPU
		{DF085B7F-21C6-4E84-A93E-E1CE0EDAE8C9}.Release|Any CPU.ActiveCfg = Release|Any CPU
		{DF085B7F-21C6-4E84-A93E-E1CE0EDAE8C9}.Release|Any CPU.Build.0 = Release|Any CPU
		{30328CEC-C99D-49A9-BB6A-D071C6029D23}.Debug|Any CPU.ActiveCfg = Debug|Any CPU
		{30328CEC-C99D-49A9-BB6A-D071C6029D23}.Debug|Any CPU.Build.0 = Debug|Any CPU
		{30328CEC-C99D-49A9-BB6A-D071C6029D23}.Release|Any CPU.ActiveCfg = Release|Any CPU
		{30328CEC-C99D-49A9-BB6A-D071C6029D23}.Release|Any CPU.Build.0 = Release|Any CPU
		{C7F32DAC-FF2F-43C3-8730-837FEA885659}.Debug|Any CPU.ActiveCfg = Debug|Any CPU
		{C7F32DAC-FF2F-43C3-8730-837FEA885659}.Debug|Any CPU.Build.0 = Debug|Any CPU
		{C7F32DAC-FF2F-43C3-8730-837FEA885659}.Release|Any CPU.ActiveCfg = Release|Any CPU
		{C7F32DAC-FF2F-43C3-8730-837FEA885659}.Release|Any CPU.Build.0 = Release|Any CPU
	EndGlobalSection
	GlobalSection(SolutionProperties) = preSolution
		HideSolutionNode = FALSE
	EndGlobalSection
EndGlobal
